
Microsoft Visual Studio Solution File, Format Version 12.00
# Visual Studio Version 16
VisualStudioVersion = 16.0.30320.27
MinimumVisualStudioVersion = 10.0.40219.1
Project("{2150E333-8FDC-42A3-9474-1A3956D46DE8}") = "Solution Items", "Solution Items", "{2E632424-176A-40F7-A16E-6FC8300213A4}"
	ProjectSection(SolutionItems) = preProject
		CloudMarket\.editorconfig = CloudMarket\.editorconfig
	EndProjectSection
EndProject
Project("{2150E333-8FDC-42A3-9474-1A3956D46DE8}") = "src", "src", "{127A4C6B-D1ED-4D45-8C3E-C6C82054D6E4}"
EndProject
Project("{2150E333-8FDC-42A3-9474-1A3956D46DE8}") = "tests", "tests", "{D8C410EB-3A7E-4DC5-83B0-1A6BF677C376}"
EndProject
Project("{9A19103F-16F7-4668-BE54-9A1E7A4F7556}") = "PublicApi", "PublicApi\PublicApi.csproj", "{92A96675-6D60-48D9-A7DA-50BCE89B6794}"
EndProject
Project("{9A19103F-16F7-4668-BE54-9A1E7A4F7556}") = "Web", "Web\Web.csproj", "{04302EC2-3873-4FE5-8CEE-94DC2D2C406E}"
EndProject
Project("{9A19103F-16F7-4668-BE54-9A1E7A4F7556}") = "ApplicationCore", "ApplicationCore\ApplicationCore.csproj", "{2E9DE7BA-B02D-4C8F-914C-D7D98D9FEB8E}"
EndProject
Project("{9A19103F-16F7-4668-BE54-9A1E7A4F7556}") = "Infrastructure", "Infrastructure\Infrastructure.csproj", "{8F9526F8-661C-4690-AE9F-74D541248D1E}"
EndProject
Project("{2150E333-8FDC-42A3-9474-1A3956D46DE8}") = "API", "API", "{B8BDCD39-6829-41FB-8508-7159B06FE160}"
EndProject
Project("{2150E333-8FDC-42A3-9474-1A3956D46DE8}") = "Mobile", "Mobile", "{31D7DFA7-79E6-40CB-AEEB-DD20E2763B3F}"
EndProject
Project("{FAE04EC0-301F-11D3-BF4B-00C04F79EFBC}") = "CloudMarket.Android", "CloudMarket\CloudMarket.Android\CloudMarket.Android.csproj", "{2DE768A8-8531-4884-9A72-A8B5E47F8555}"
EndProject
Project("{FAE04EC0-301F-11D3-BF4B-00C04F79EFBC}") = "CloudMarket.iOS", "CloudMarket\CloudMarket.iOS\CloudMarket.iOS.csproj", "{77E17F29-1AC8-4707-93B7-39CDA019204C}"
EndProject
Project("{9A19103F-16F7-4668-BE54-9A1E7A4F7556}") = "CloudMarket", "CloudMarket\CloudMarket\CloudMarket.csproj", "{D9C592A6-A16E-4AF5-92F6-B56C12999235}"
	ProjectSection(ProjectDependencies) = postProject
		{2E9DE7BA-B02D-4C8F-914C-D7D98D9FEB8E} = {2E9DE7BA-B02D-4C8F-914C-D7D98D9FEB8E}
	EndProjectSection
EndProject
Project("{E53339B2-1760-4266-BCC7-CA923CBCF16C}") = "docker-compose", "docker-compose.dcproj", "{1EC77FD1-F665-4446-BFEF-E6F59A39D922}"
	ProjectSection(ProjectDependencies) = postProject
		{92A96675-6D60-48D9-A7DA-50BCE89B6794} = {92A96675-6D60-48D9-A7DA-50BCE89B6794}
		{2E9DE7BA-B02D-4C8F-914C-D7D98D9FEB8E} = {2E9DE7BA-B02D-4C8F-914C-D7D98D9FEB8E}
		{8F9526F8-661C-4690-AE9F-74D541248D1E} = {8F9526F8-661C-4690-AE9F-74D541248D1E}
	EndProjectSection
EndProject
Project("{2150E333-8FDC-42A3-9474-1A3956D46DE8}") = "ml", "ml", "{972178CC-A137-4DF5-A8A0-8DA8616B86AD}"
EndProject
Project("{9A19103F-16F7-4668-BE54-9A1E7A4F7556}") = "ProductRecommender", "ProductRecommender\ProductRecommender.csproj", "{4B6664F6-DC73-4108-9ABF-15BA98262839}"
EndProject
Project("{2150E333-8FDC-42A3-9474-1A3956D46DE8}") = "parsers", "parsers", "{064B0BBF-E2C6-4A1D-ADB1-13465CB805AD}"
EndProject
Project("{9A19103F-16F7-4668-BE54-9A1E7A4F7556}") = "kursfinderparser", "..\KursFinderParser\kursfinderparser.csproj", "{333D282D-E3F4-4E24-ABD1-ACA8BCCE6FFA}"
EndProject
Global
	GlobalSection(SolutionConfigurationPlatforms) = preSolution
		Debug|Any CPU = Debug|Any CPU
		Debug|ARM = Debug|ARM
		Debug|iPhone = Debug|iPhone
		Debug|iPhoneSimulator = Debug|iPhoneSimulator
		Debug|x64 = Debug|x64
		Debug|x86 = Debug|x86
		DEV|Any CPU = DEV|Any CPU
		DEV|ARM = DEV|ARM
		DEV|iPhone = DEV|iPhone
		DEV|iPhoneSimulator = DEV|iPhoneSimulator
		DEV|x64 = DEV|x64
		DEV|x86 = DEV|x86
		Release|Any CPU = Release|Any CPU
		Release|ARM = Release|ARM
		Release|iPhone = Release|iPhone
		Release|iPhoneSimulator = Release|iPhoneSimulator
		Release|x64 = Release|x64
		Release|x86 = Release|x86
	EndGlobalSection
	GlobalSection(ProjectConfigurationPlatforms) = postSolution
		{92A96675-6D60-48D9-A7DA-50BCE89B6794}.Debug|Any CPU.ActiveCfg = Debug|Any CPU
		{92A96675-6D60-48D9-A7DA-50BCE89B6794}.Debug|Any CPU.Build.0 = Debug|Any CPU
		{92A96675-6D60-48D9-A7DA-50BCE89B6794}.Debug|ARM.ActiveCfg = Debug|Any CPU
		{92A96675-6D60-48D9-A7DA-50BCE89B6794}.Debug|ARM.Build.0 = Debug|Any CPU
		{92A96675-6D60-48D9-A7DA-50BCE89B6794}.Debug|iPhone.ActiveCfg = Debug|Any CPU
		{92A96675-6D60-48D9-A7DA-50BCE89B6794}.Debug|iPhone.Build.0 = Debug|Any CPU
		{92A96675-6D60-48D9-A7DA-50BCE89B6794}.Debug|iPhoneSimulator.ActiveCfg = Debug|Any CPU
		{92A96675-6D60-48D9-A7DA-50BCE89B6794}.Debug|iPhoneSimulator.Build.0 = Debug|Any CPU
		{92A96675-6D60-48D9-A7DA-50BCE89B6794}.Debug|x64.ActiveCfg = Debug|Any CPU
		{92A96675-6D60-48D9-A7DA-50BCE89B6794}.Debug|x64.Build.0 = Debug|Any CPU
		{92A96675-6D60-48D9-A7DA-50BCE89B6794}.Debug|x86.ActiveCfg = Debug|Any CPU
		{92A96675-6D60-48D9-A7DA-50BCE89B6794}.Debug|x86.Build.0 = Debug|Any CPU
		{92A96675-6D60-48D9-A7DA-50BCE89B6794}.DEV|Any CPU.ActiveCfg = Debug|Any CPU
		{92A96675-6D60-48D9-A7DA-50BCE89B6794}.DEV|Any CPU.Build.0 = Debug|Any CPU
		{92A96675-6D60-48D9-A7DA-50BCE89B6794}.DEV|ARM.ActiveCfg = Debug|Any CPU
		{92A96675-6D60-48D9-A7DA-50BCE89B6794}.DEV|ARM.Build.0 = Debug|Any CPU
		{92A96675-6D60-48D9-A7DA-50BCE89B6794}.DEV|iPhone.ActiveCfg = Debug|Any CPU
		{92A96675-6D60-48D9-A7DA-50BCE89B6794}.DEV|iPhone.Build.0 = Debug|Any CPU
		{92A96675-6D60-48D9-A7DA-50BCE89B6794}.DEV|iPhoneSimulator.ActiveCfg = Debug|Any CPU
		{92A96675-6D60-48D9-A7DA-50BCE89B6794}.DEV|iPhoneSimulator.Build.0 = Debug|Any CPU
		{92A96675-6D60-48D9-A7DA-50BCE89B6794}.DEV|x64.ActiveCfg = Debug|Any CPU
		{92A96675-6D60-48D9-A7DA-50BCE89B6794}.DEV|x64.Build.0 = Debug|Any CPU
		{92A96675-6D60-48D9-A7DA-50BCE89B6794}.DEV|x86.ActiveCfg = Debug|Any CPU
		{92A96675-6D60-48D9-A7DA-50BCE89B6794}.DEV|x86.Build.0 = Debug|Any CPU
		{92A96675-6D60-48D9-A7DA-50BCE89B6794}.Release|Any CPU.ActiveCfg = Release|Any CPU
		{92A96675-6D60-48D9-A7DA-50BCE89B6794}.Release|Any CPU.Build.0 = Release|Any CPU
		{92A96675-6D60-48D9-A7DA-50BCE89B6794}.Release|ARM.ActiveCfg = Release|Any CPU
		{92A96675-6D60-48D9-A7DA-50BCE89B6794}.Release|ARM.Build.0 = Release|Any CPU
		{92A96675-6D60-48D9-A7DA-50BCE89B6794}.Release|iPhone.ActiveCfg = Release|Any CPU
		{92A96675-6D60-48D9-A7DA-50BCE89B6794}.Release|iPhone.Build.0 = Release|Any CPU
		{92A96675-6D60-48D9-A7DA-50BCE89B6794}.Release|iPhoneSimulator.ActiveCfg = Release|Any CPU
		{92A96675-6D60-48D9-A7DA-50BCE89B6794}.Release|iPhoneSimulator.Build.0 = Release|Any CPU
		{92A96675-6D60-48D9-A7DA-50BCE89B6794}.Release|x64.ActiveCfg = Release|Any CPU
		{92A96675-6D60-48D9-A7DA-50BCE89B6794}.Release|x64.Build.0 = Release|Any CPU
		{92A96675-6D60-48D9-A7DA-50BCE89B6794}.Release|x86.ActiveCfg = Release|Any CPU
		{92A96675-6D60-48D9-A7DA-50BCE89B6794}.Release|x86.Build.0 = Release|Any CPU
		{04302EC2-3873-4FE5-8CEE-94DC2D2C406E}.Debug|Any CPU.ActiveCfg = Debug|Any CPU
		{04302EC2-3873-4FE5-8CEE-94DC2D2C406E}.Debug|Any CPU.Build.0 = Debug|Any CPU
		{04302EC2-3873-4FE5-8CEE-94DC2D2C406E}.Debug|ARM.ActiveCfg = Debug|Any CPU
		{04302EC2-3873-4FE5-8CEE-94DC2D2C406E}.Debug|iPhone.ActiveCfg = Debug|Any CPU
		{04302EC2-3873-4FE5-8CEE-94DC2D2C406E}.Debug|iPhoneSimulator.ActiveCfg = Debug|Any CPU
		{04302EC2-3873-4FE5-8CEE-94DC2D2C406E}.Debug|x64.ActiveCfg = Debug|Any CPU
		{04302EC2-3873-4FE5-8CEE-94DC2D2C406E}.Debug|x86.ActiveCfg = Debug|Any CPU
		{04302EC2-3873-4FE5-8CEE-94DC2D2C406E}.DEV|Any CPU.ActiveCfg = Debug|Any CPU
		{04302EC2-3873-4FE5-8CEE-94DC2D2C406E}.DEV|Any CPU.Build.0 = Debug|Any CPU
		{04302EC2-3873-4FE5-8CEE-94DC2D2C406E}.DEV|ARM.ActiveCfg = Debug|Any CPU
		{04302EC2-3873-4FE5-8CEE-94DC2D2C406E}.DEV|iPhone.ActiveCfg = Debug|Any CPU
		{04302EC2-3873-4FE5-8CEE-94DC2D2C406E}.DEV|iPhoneSimulator.ActiveCfg = Debug|Any CPU
		{04302EC2-3873-4FE5-8CEE-94DC2D2C406E}.DEV|x64.ActiveCfg = Debug|Any CPU
		{04302EC2-3873-4FE5-8CEE-94DC2D2C406E}.DEV|x86.ActiveCfg = Debug|Any CPU
		{04302EC2-3873-4FE5-8CEE-94DC2D2C406E}.Release|Any CPU.ActiveCfg = Release|Any CPU
		{04302EC2-3873-4FE5-8CEE-94DC2D2C406E}.Release|Any CPU.Build.0 = Release|Any CPU
		{04302EC2-3873-4FE5-8CEE-94DC2D2C406E}.Release|ARM.ActiveCfg = Release|Any CPU
		{04302EC2-3873-4FE5-8CEE-94DC2D2C406E}.Release|iPhone.ActiveCfg = Release|Any CPU
		{04302EC2-3873-4FE5-8CEE-94DC2D2C406E}.Release|iPhoneSimulator.ActiveCfg = Release|Any CPU
		{04302EC2-3873-4FE5-8CEE-94DC2D2C406E}.Release|x64.ActiveCfg = Release|Any CPU
		{04302EC2-3873-4FE5-8CEE-94DC2D2C406E}.Release|x86.ActiveCfg = Release|Any CPU
		{2E9DE7BA-B02D-4C8F-914C-D7D98D9FEB8E}.Debug|Any CPU.ActiveCfg = Debug|Any CPU
		{2E9DE7BA-B02D-4C8F-914C-D7D98D9FEB8E}.Debug|Any CPU.Build.0 = Debug|Any CPU
		{2E9DE7BA-B02D-4C8F-914C-D7D98D9FEB8E}.Debug|ARM.ActiveCfg = Debug|Any CPU
		{2E9DE7BA-B02D-4C8F-914C-D7D98D9FEB8E}.Debug|ARM.Build.0 = Debug|Any CPU
		{2E9DE7BA-B02D-4C8F-914C-D7D98D9FEB8E}.Debug|iPhone.ActiveCfg = Debug|Any CPU
		{2E9DE7BA-B02D-4C8F-914C-D7D98D9FEB8E}.Debug|iPhone.Build.0 = Debug|Any CPU
		{2E9DE7BA-B02D-4C8F-914C-D7D98D9FEB8E}.Debug|iPhoneSimulator.ActiveCfg = Debug|Any CPU
		{2E9DE7BA-B02D-4C8F-914C-D7D98D9FEB8E}.Debug|iPhoneSimulator.Build.0 = Debug|Any CPU
		{2E9DE7BA-B02D-4C8F-914C-D7D98D9FEB8E}.Debug|x64.ActiveCfg = Debug|Any CPU
		{2E9DE7BA-B02D-4C8F-914C-D7D98D9FEB8E}.Debug|x64.Build.0 = Debug|Any CPU
		{2E9DE7BA-B02D-4C8F-914C-D7D98D9FEB8E}.Debug|x86.ActiveCfg = Debug|Any CPU
		{2E9DE7BA-B02D-4C8F-914C-D7D98D9FEB8E}.Debug|x86.Build.0 = Debug|Any CPU
		{2E9DE7BA-B02D-4C8F-914C-D7D98D9FEB8E}.DEV|Any CPU.ActiveCfg = Debug|Any CPU
		{2E9DE7BA-B02D-4C8F-914C-D7D98D9FEB8E}.DEV|Any CPU.Build.0 = Debug|Any CPU
		{2E9DE7BA-B02D-4C8F-914C-D7D98D9FEB8E}.DEV|ARM.ActiveCfg = Debug|Any CPU
		{2E9DE7BA-B02D-4C8F-914C-D7D98D9FEB8E}.DEV|ARM.Build.0 = Debug|Any CPU
		{2E9DE7BA-B02D-4C8F-914C-D7D98D9FEB8E}.DEV|iPhone.ActiveCfg = Debug|Any CPU
		{2E9DE7BA-B02D-4C8F-914C-D7D98D9FEB8E}.DEV|iPhone.Build.0 = Debug|Any CPU
		{2E9DE7BA-B02D-4C8F-914C-D7D98D9FEB8E}.DEV|iPhoneSimulator.ActiveCfg = Debug|Any CPU
		{2E9DE7BA-B02D-4C8F-914C-D7D98D9FEB8E}.DEV|iPhoneSimulator.Build.0 = Debug|Any CPU
		{2E9DE7BA-B02D-4C8F-914C-D7D98D9FEB8E}.DEV|x64.ActiveCfg = Debug|Any CPU
		{2E9DE7BA-B02D-4C8F-914C-D7D98D9FEB8E}.DEV|x64.Build.0 = Debug|Any CPU
		{2E9DE7BA-B02D-4C8F-914C-D7D98D9FEB8E}.DEV|x86.ActiveCfg = Debug|Any CPU
		{2E9DE7BA-B02D-4C8F-914C-D7D98D9FEB8E}.DEV|x86.Build.0 = Debug|Any CPU
		{2E9DE7BA-B02D-4C8F-914C-D7D98D9FEB8E}.Release|Any CPU.ActiveCfg = Release|Any CPU
		{2E9DE7BA-B02D-4C8F-914C-D7D98D9FEB8E}.Release|Any CPU.Build.0 = Release|Any CPU
		{2E9DE7BA-B02D-4C8F-914C-D7D98D9FEB8E}.Release|ARM.ActiveCfg = Release|Any CPU
		{2E9DE7BA-B02D-4C8F-914C-D7D98D9FEB8E}.Release|ARM.Build.0 = Release|Any CPU
		{2E9DE7BA-B02D-4C8F-914C-D7D98D9FEB8E}.Release|iPhone.ActiveCfg = Release|Any CPU
		{2E9DE7BA-B02D-4C8F-914C-D7D98D9FEB8E}.Release|iPhone.Build.0 = Release|Any CPU
		{2E9DE7BA-B02D-4C8F-914C-D7D98D9FEB8E}.Release|iPhoneSimulator.ActiveCfg = Release|Any CPU
		{2E9DE7BA-B02D-4C8F-914C-D7D98D9FEB8E}.Release|iPhoneSimulator.Build.0 = Release|Any CPU
		{2E9DE7BA-B02D-4C8F-914C-D7D98D9FEB8E}.Release|x64.ActiveCfg = Release|Any CPU
		{2E9DE7BA-B02D-4C8F-914C-D7D98D9FEB8E}.Release|x64.Build.0 = Release|Any CPU
		{2E9DE7BA-B02D-4C8F-914C-D7D98D9FEB8E}.Release|x86.ActiveCfg = Release|Any CPU
		{2E9DE7BA-B02D-4C8F-914C-D7D98D9FEB8E}.Release|x86.Build.0 = Release|Any CPU
		{8F9526F8-661C-4690-AE9F-74D541248D1E}.Debug|Any CPU.ActiveCfg = Debug|Any CPU
		{8F9526F8-661C-4690-AE9F-74D541248D1E}.Debug|Any CPU.Build.0 = Debug|Any CPU
		{8F9526F8-661C-4690-AE9F-74D541248D1E}.Debug|ARM.ActiveCfg = Debug|Any CPU
		{8F9526F8-661C-4690-AE9F-74D541248D1E}.Debug|ARM.Build.0 = Debug|Any CPU
		{8F9526F8-661C-4690-AE9F-74D541248D1E}.Debug|iPhone.ActiveCfg = Debug|Any CPU
		{8F9526F8-661C-4690-AE9F-74D541248D1E}.Debug|iPhone.Build.0 = Debug|Any CPU
		{8F9526F8-661C-4690-AE9F-74D541248D1E}.Debug|iPhoneSimulator.ActiveCfg = Debug|Any CPU
		{8F9526F8-661C-4690-AE9F-74D541248D1E}.Debug|iPhoneSimulator.Build.0 = Debug|Any CPU
		{8F9526F8-661C-4690-AE9F-74D541248D1E}.Debug|x64.ActiveCfg = Debug|Any CPU
		{8F9526F8-661C-4690-AE9F-74D541248D1E}.Debug|x64.Build.0 = Debug|Any CPU
		{8F9526F8-661C-4690-AE9F-74D541248D1E}.Debug|x86.ActiveCfg = Debug|Any CPU
		{8F9526F8-661C-4690-AE9F-74D541248D1E}.Debug|x86.Build.0 = Debug|Any CPU
		{8F9526F8-661C-4690-AE9F-74D541248D1E}.DEV|Any CPU.ActiveCfg = Debug|Any CPU
		{8F9526F8-661C-4690-AE9F-74D541248D1E}.DEV|Any CPU.Build.0 = Debug|Any CPU
		{8F9526F8-661C-4690-AE9F-74D541248D1E}.DEV|ARM.ActiveCfg = Debug|Any CPU
		{8F9526F8-661C-4690-AE9F-74D541248D1E}.DEV|ARM.Build.0 = Debug|Any CPU
		{8F9526F8-661C-4690-AE9F-74D541248D1E}.DEV|iPhone.ActiveCfg = Debug|Any CPU
		{8F9526F8-661C-4690-AE9F-74D541248D1E}.DEV|iPhone.Build.0 = Debug|Any CPU
		{8F9526F8-661C-4690-AE9F-74D541248D1E}.DEV|iPhoneSimulator.ActiveCfg = Debug|Any CPU
		{8F9526F8-661C-4690-AE9F-74D541248D1E}.DEV|iPhoneSimulator.Build.0 = Debug|Any CPU
		{8F9526F8-661C-4690-AE9F-74D541248D1E}.DEV|x64.ActiveCfg = Debug|Any CPU
		{8F9526F8-661C-4690-AE9F-74D541248D1E}.DEV|x64.Build.0 = Debug|Any CPU
		{8F9526F8-661C-4690-AE9F-74D541248D1E}.DEV|x86.ActiveCfg = Debug|Any CPU
		{8F9526F8-661C-4690-AE9F-74D541248D1E}.DEV|x86.Build.0 = Debug|Any CPU
		{8F9526F8-661C-4690-AE9F-74D541248D1E}.Release|Any CPU.ActiveCfg = Release|Any CPU
		{8F9526F8-661C-4690-AE9F-74D541248D1E}.Release|Any CPU.Build.0 = Release|Any CPU
		{8F9526F8-661C-4690-AE9F-74D541248D1E}.Release|ARM.ActiveCfg = Release|Any CPU
		{8F9526F8-661C-4690-AE9F-74D541248D1E}.Release|ARM.Build.0 = Release|Any CPU
		{8F9526F8-661C-4690-AE9F-74D541248D1E}.Release|iPhone.ActiveCfg = Release|Any CPU
		{8F9526F8-661C-4690-AE9F-74D541248D1E}.Release|iPhone.Build.0 = Release|Any CPU
		{8F9526F8-661C-4690-AE9F-74D541248D1E}.Release|iPhoneSimulator.ActiveCfg = Release|Any CPU
		{8F9526F8-661C-4690-AE9F-74D541248D1E}.Release|iPhoneSimulator.Build.0 = Release|Any CPU
		{8F9526F8-661C-4690-AE9F-74D541248D1E}.Release|x64.ActiveCfg = Release|Any CPU
		{8F9526F8-661C-4690-AE9F-74D541248D1E}.Release|x64.Build.0 = Release|Any CPU
		{8F9526F8-661C-4690-AE9F-74D541248D1E}.Release|x86.ActiveCfg = Release|Any CPU
		{8F9526F8-661C-4690-AE9F-74D541248D1E}.Release|x86.Build.0 = Release|Any CPU
		{2DE768A8-8531-4884-9A72-A8B5E47F8555}.Debug|Any CPU.ActiveCfg = Debug|Any CPU
		{2DE768A8-8531-4884-9A72-A8B5E47F8555}.Debug|Any CPU.Build.0 = Debug|Any CPU
		{2DE768A8-8531-4884-9A72-A8B5E47F8555}.Debug|Any CPU.Deploy.0 = Debug|Any CPU
		{2DE768A8-8531-4884-9A72-A8B5E47F8555}.Debug|ARM.ActiveCfg = Debug|Any CPU
		{2DE768A8-8531-4884-9A72-A8B5E47F8555}.Debug|ARM.Build.0 = Debug|Any CPU
		{2DE768A8-8531-4884-9A72-A8B5E47F8555}.Debug|ARM.Deploy.0 = Debug|Any CPU
		{2DE768A8-8531-4884-9A72-A8B5E47F8555}.Debug|iPhone.ActiveCfg = Debug|Any CPU
		{2DE768A8-8531-4884-9A72-A8B5E47F8555}.Debug|iPhone.Build.0 = Debug|Any CPU
		{2DE768A8-8531-4884-9A72-A8B5E47F8555}.Debug|iPhone.Deploy.0 = Debug|Any CPU
		{2DE768A8-8531-4884-9A72-A8B5E47F8555}.Debug|iPhoneSimulator.ActiveCfg = Debug|Any CPU
		{2DE768A8-8531-4884-9A72-A8B5E47F8555}.Debug|iPhoneSimulator.Build.0 = Debug|Any CPU
		{2DE768A8-8531-4884-9A72-A8B5E47F8555}.Debug|iPhoneSimulator.Deploy.0 = Debug|Any CPU
		{2DE768A8-8531-4884-9A72-A8B5E47F8555}.Debug|x64.ActiveCfg = Debug|Any CPU
		{2DE768A8-8531-4884-9A72-A8B5E47F8555}.Debug|x64.Build.0 = Debug|Any CPU
		{2DE768A8-8531-4884-9A72-A8B5E47F8555}.Debug|x64.Deploy.0 = Debug|Any CPU
		{2DE768A8-8531-4884-9A72-A8B5E47F8555}.Debug|x86.ActiveCfg = Debug|Any CPU
		{2DE768A8-8531-4884-9A72-A8B5E47F8555}.Debug|x86.Build.0 = Debug|Any CPU
		{2DE768A8-8531-4884-9A72-A8B5E47F8555}.Debug|x86.Deploy.0 = Debug|Any CPU
		{2DE768A8-8531-4884-9A72-A8B5E47F8555}.DEV|Any CPU.ActiveCfg = Debug|Any CPU
		{2DE768A8-8531-4884-9A72-A8B5E47F8555}.DEV|Any CPU.Build.0 = Debug|Any CPU
		{2DE768A8-8531-4884-9A72-A8B5E47F8555}.DEV|Any CPU.Deploy.0 = Debug|Any CPU
		{2DE768A8-8531-4884-9A72-A8B5E47F8555}.DEV|ARM.ActiveCfg = Debug|Any CPU
		{2DE768A8-8531-4884-9A72-A8B5E47F8555}.DEV|ARM.Build.0 = Debug|Any CPU
		{2DE768A8-8531-4884-9A72-A8B5E47F8555}.DEV|ARM.Deploy.0 = Debug|Any CPU
		{2DE768A8-8531-4884-9A72-A8B5E47F8555}.DEV|iPhone.ActiveCfg = Debug|Any CPU
		{2DE768A8-8531-4884-9A72-A8B5E47F8555}.DEV|iPhone.Build.0 = Debug|Any CPU
		{2DE768A8-8531-4884-9A72-A8B5E47F8555}.DEV|iPhone.Deploy.0 = Debug|Any CPU
		{2DE768A8-8531-4884-9A72-A8B5E47F8555}.DEV|iPhoneSimulator.ActiveCfg = Debug|Any CPU
		{2DE768A8-8531-4884-9A72-A8B5E47F8555}.DEV|iPhoneSimulator.Build.0 = Debug|Any CPU
		{2DE768A8-8531-4884-9A72-A8B5E47F8555}.DEV|iPhoneSimulator.Deploy.0 = Debug|Any CPU
		{2DE768A8-8531-4884-9A72-A8B5E47F8555}.DEV|x64.ActiveCfg = Debug|Any CPU
		{2DE768A8-8531-4884-9A72-A8B5E47F8555}.DEV|x64.Build.0 = Debug|Any CPU
		{2DE768A8-8531-4884-9A72-A8B5E47F8555}.DEV|x64.Deploy.0 = Debug|Any CPU
		{2DE768A8-8531-4884-9A72-A8B5E47F8555}.DEV|x86.ActiveCfg = Debug|Any CPU
		{2DE768A8-8531-4884-9A72-A8B5E47F8555}.DEV|x86.Build.0 = Debug|Any CPU
		{2DE768A8-8531-4884-9A72-A8B5E47F8555}.DEV|x86.Deploy.0 = Debug|Any CPU
		{2DE768A8-8531-4884-9A72-A8B5E47F8555}.Release|Any CPU.ActiveCfg = Release|Any CPU
		{2DE768A8-8531-4884-9A72-A8B5E47F8555}.Release|Any CPU.Build.0 = Release|Any CPU
		{2DE768A8-8531-4884-9A72-A8B5E47F8555}.Release|Any CPU.Deploy.0 = Release|Any CPU
		{2DE768A8-8531-4884-9A72-A8B5E47F8555}.Release|ARM.ActiveCfg = Release|Any CPU
		{2DE768A8-8531-4884-9A72-A8B5E47F8555}.Release|ARM.Build.0 = Release|Any CPU
		{2DE768A8-8531-4884-9A72-A8B5E47F8555}.Release|ARM.Deploy.0 = Release|Any CPU
		{2DE768A8-8531-4884-9A72-A8B5E47F8555}.Release|iPhone.ActiveCfg = Release|Any CPU
		{2DE768A8-8531-4884-9A72-A8B5E47F8555}.Release|iPhone.Build.0 = Release|Any CPU
		{2DE768A8-8531-4884-9A72-A8B5E47F8555}.Release|iPhone.Deploy.0 = Release|Any CPU
		{2DE768A8-8531-4884-9A72-A8B5E47F8555}.Release|iPhoneSimulator.ActiveCfg = Release|Any CPU
		{2DE768A8-8531-4884-9A72-A8B5E47F8555}.Release|iPhoneSimulator.Build.0 = Release|Any CPU
		{2DE768A8-8531-4884-9A72-A8B5E47F8555}.Release|iPhoneSimulator.Deploy.0 = Release|Any CPU
		{2DE768A8-8531-4884-9A72-A8B5E47F8555}.Release|x64.ActiveCfg = Release|Any CPU
		{2DE768A8-8531-4884-9A72-A8B5E47F8555}.Release|x64.Build.0 = Release|Any CPU
		{2DE768A8-8531-4884-9A72-A8B5E47F8555}.Release|x64.Deploy.0 = Release|Any CPU
		{2DE768A8-8531-4884-9A72-A8B5E47F8555}.Release|x86.ActiveCfg = Release|Any CPU
		{2DE768A8-8531-4884-9A72-A8B5E47F8555}.Release|x86.Build.0 = Release|Any CPU
		{2DE768A8-8531-4884-9A72-A8B5E47F8555}.Release|x86.Deploy.0 = Release|Any CPU
		{77E17F29-1AC8-4707-93B7-39CDA019204C}.Debug|Any CPU.ActiveCfg = Debug|iPhone
		{77E17F29-1AC8-4707-93B7-39CDA019204C}.Debug|ARM.ActiveCfg = Debug|iPhone
		{77E17F29-1AC8-4707-93B7-39CDA019204C}.Debug|iPhone.ActiveCfg = Debug|iPhone
		{77E17F29-1AC8-4707-93B7-39CDA019204C}.Debug|iPhone.Build.0 = Debug|iPhone
		{77E17F29-1AC8-4707-93B7-39CDA019204C}.Debug|iPhoneSimulator.ActiveCfg = Debug|iPhoneSimulator
		{77E17F29-1AC8-4707-93B7-39CDA019204C}.Debug|iPhoneSimulator.Build.0 = Debug|iPhoneSimulator
		{77E17F29-1AC8-4707-93B7-39CDA019204C}.Debug|x64.ActiveCfg = Debug|iPhone
		{77E17F29-1AC8-4707-93B7-39CDA019204C}.Debug|x86.ActiveCfg = Debug|iPhone
		{77E17F29-1AC8-4707-93B7-39CDA019204C}.DEV|Any CPU.ActiveCfg = Debug|iPhone
		{77E17F29-1AC8-4707-93B7-39CDA019204C}.DEV|ARM.ActiveCfg = Debug|iPhone
		{77E17F29-1AC8-4707-93B7-39CDA019204C}.DEV|iPhone.ActiveCfg = Debug|iPhone
		{77E17F29-1AC8-4707-93B7-39CDA019204C}.DEV|iPhone.Build.0 = Debug|iPhone
		{77E17F29-1AC8-4707-93B7-39CDA019204C}.DEV|iPhoneSimulator.ActiveCfg = Debug|iPhoneSimulator
		{77E17F29-1AC8-4707-93B7-39CDA019204C}.DEV|iPhoneSimulator.Build.0 = Debug|iPhoneSimulator
		{77E17F29-1AC8-4707-93B7-39CDA019204C}.DEV|x64.ActiveCfg = Debug|iPhone
		{77E17F29-1AC8-4707-93B7-39CDA019204C}.DEV|x86.ActiveCfg = Debug|iPhone
		{77E17F29-1AC8-4707-93B7-39CDA019204C}.Release|Any CPU.ActiveCfg = Release|iPhone
		{77E17F29-1AC8-4707-93B7-39CDA019204C}.Release|ARM.ActiveCfg = Release|iPhone
		{77E17F29-1AC8-4707-93B7-39CDA019204C}.Release|iPhone.ActiveCfg = Release|iPhone
		{77E17F29-1AC8-4707-93B7-39CDA019204C}.Release|iPhone.Build.0 = Release|iPhone
		{77E17F29-1AC8-4707-93B7-39CDA019204C}.Release|iPhoneSimulator.ActiveCfg = Release|iPhoneSimulator
		{77E17F29-1AC8-4707-93B7-39CDA019204C}.Release|iPhoneSimulator.Build.0 = Release|iPhoneSimulator
		{77E17F29-1AC8-4707-93B7-39CDA019204C}.Release|x64.ActiveCfg = Release|iPhone
		{77E17F29-1AC8-4707-93B7-39CDA019204C}.Release|x86.ActiveCfg = Release|iPhone
		{D9C592A6-A16E-4AF5-92F6-B56C12999235}.Debug|Any CPU.ActiveCfg = Debug|Any CPU
		{D9C592A6-A16E-4AF5-92F6-B56C12999235}.Debug|Any CPU.Build.0 = Debug|Any CPU
		{D9C592A6-A16E-4AF5-92F6-B56C12999235}.Debug|ARM.ActiveCfg = Debug|Any CPU
		{D9C592A6-A16E-4AF5-92F6-B56C12999235}.Debug|ARM.Build.0 = Debug|Any CPU
		{D9C592A6-A16E-4AF5-92F6-B56C12999235}.Debug|iPhone.ActiveCfg = Debug|Any CPU
		{D9C592A6-A16E-4AF5-92F6-B56C12999235}.Debug|iPhone.Build.0 = Debug|Any CPU
		{D9C592A6-A16E-4AF5-92F6-B56C12999235}.Debug|iPhoneSimulator.ActiveCfg = Debug|Any CPU
		{D9C592A6-A16E-4AF5-92F6-B56C12999235}.Debug|iPhoneSimulator.Build.0 = Debug|Any CPU
		{D9C592A6-A16E-4AF5-92F6-B56C12999235}.Debug|x64.ActiveCfg = Debug|Any CPU
		{D9C592A6-A16E-4AF5-92F6-B56C12999235}.Debug|x64.Build.0 = Debug|Any CPU
		{D9C592A6-A16E-4AF5-92F6-B56C12999235}.Debug|x86.ActiveCfg = Debug|Any CPU
		{D9C592A6-A16E-4AF5-92F6-B56C12999235}.Debug|x86.Build.0 = Debug|Any CPU
		{D9C592A6-A16E-4AF5-92F6-B56C12999235}.DEV|Any CPU.ActiveCfg = Debug|Any CPU
		{D9C592A6-A16E-4AF5-92F6-B56C12999235}.DEV|Any CPU.Build.0 = Debug|Any CPU
		{D9C592A6-A16E-4AF5-92F6-B56C12999235}.DEV|ARM.ActiveCfg = Debug|Any CPU
		{D9C592A6-A16E-4AF5-92F6-B56C12999235}.DEV|ARM.Build.0 = Debug|Any CPU
		{D9C592A6-A16E-4AF5-92F6-B56C12999235}.DEV|iPhone.ActiveCfg = Debug|Any CPU
		{D9C592A6-A16E-4AF5-92F6-B56C12999235}.DEV|iPhone.Build.0 = Debug|Any CPU
		{D9C592A6-A16E-4AF5-92F6-B56C12999235}.DEV|iPhoneSimulator.ActiveCfg = Debug|Any CPU
		{D9C592A6-A16E-4AF5-92F6-B56C12999235}.DEV|iPhoneSimulator.Build.0 = Debug|Any CPU
		{D9C592A6-A16E-4AF5-92F6-B56C12999235}.DEV|x64.ActiveCfg = Debug|Any CPU
		{D9C592A6-A16E-4AF5-92F6-B56C12999235}.DEV|x64.Build.0 = Debug|Any CPU
		{D9C592A6-A16E-4AF5-92F6-B56C12999235}.DEV|x86.ActiveCfg = Debug|Any CPU
		{D9C592A6-A16E-4AF5-92F6-B56C12999235}.DEV|x86.Build.0 = Debug|Any CPU
		{D9C592A6-A16E-4AF5-92F6-B56C12999235}.Release|Any CPU.ActiveCfg = Release|Any CPU
		{D9C592A6-A16E-4AF5-92F6-B56C12999235}.Release|Any CPU.Build.0 = Release|Any CPU
		{D9C592A6-A16E-4AF5-92F6-B56C12999235}.Release|ARM.ActiveCfg = Release|Any CPU
		{D9C592A6-A16E-4AF5-92F6-B56C12999235}.Release|ARM.Build.0 = Release|Any CPU
		{D9C592A6-A16E-4AF5-92F6-B56C12999235}.Release|iPhone.ActiveCfg = Release|Any CPU
		{D9C592A6-A16E-4AF5-92F6-B56C12999235}.Release|iPhone.Build.0 = Release|Any CPU
		{D9C592A6-A16E-4AF5-92F6-B56C12999235}.Release|iPhoneSimulator.ActiveCfg = Release|Any CPU
		{D9C592A6-A16E-4AF5-92F6-B56C12999235}.Release|iPhoneSimulator.Build.0 = Release|Any CPU
		{D9C592A6-A16E-4AF5-92F6-B56C12999235}.Release|x64.ActiveCfg = Release|Any CPU
		{D9C592A6-A16E-4AF5-92F6-B56C12999235}.Release|x64.Build.0 = Release|Any CPU
		{D9C592A6-A16E-4AF5-92F6-B56C12999235}.Release|x86.ActiveCfg = Release|Any CPU
		{D9C592A6-A16E-4AF5-92F6-B56C12999235}.Release|x86.Build.0 = Release|Any CPU
		{1EC77FD1-F665-4446-BFEF-E6F59A39D922}.Debug|Any CPU.ActiveCfg = Debug|Any CPU
		{1EC77FD1-F665-4446-BFEF-E6F59A39D922}.Debug|Any CPU.Build.0 = Debug|Any CPU
		{1EC77FD1-F665-4446-BFEF-E6F59A39D922}.Debug|ARM.ActiveCfg = Debug|Any CPU
		{1EC77FD1-F665-4446-BFEF-E6F59A39D922}.Debug|ARM.Build.0 = Debug|Any CPU
		{1EC77FD1-F665-4446-BFEF-E6F59A39D922}.Debug|iPhone.ActiveCfg = Debug|Any CPU
		{1EC77FD1-F665-4446-BFEF-E6F59A39D922}.Debug|iPhone.Build.0 = Debug|Any CPU
		{1EC77FD1-F665-4446-BFEF-E6F59A39D922}.Debug|iPhoneSimulator.ActiveCfg = Debug|Any CPU
		{1EC77FD1-F665-4446-BFEF-E6F59A39D922}.Debug|iPhoneSimulator.Build.0 = Debug|Any CPU
		{1EC77FD1-F665-4446-BFEF-E6F59A39D922}.Debug|x64.ActiveCfg = Debug|Any CPU
		{1EC77FD1-F665-4446-BFEF-E6F59A39D922}.Debug|x64.Build.0 = Debug|Any CPU
		{1EC77FD1-F665-4446-BFEF-E6F59A39D922}.Debug|x86.ActiveCfg = Debug|Any CPU
		{1EC77FD1-F665-4446-BFEF-E6F59A39D922}.Debug|x86.Build.0 = Debug|Any CPU
		{1EC77FD1-F665-4446-BFEF-E6F59A39D922}.DEV|Any CPU.ActiveCfg = Debug|Any CPU
		{1EC77FD1-F665-4446-BFEF-E6F59A39D922}.DEV|Any CPU.Build.0 = Debug|Any CPU
		{1EC77FD1-F665-4446-BFEF-E6F59A39D922}.DEV|ARM.ActiveCfg = Debug|Any CPU
		{1EC77FD1-F665-4446-BFEF-E6F59A39D922}.DEV|ARM.Build.0 = Debug|Any CPU
		{1EC77FD1-F665-4446-BFEF-E6F59A39D922}.DEV|iPhone.ActiveCfg = Debug|Any CPU
		{1EC77FD1-F665-4446-BFEF-E6F59A39D922}.DEV|iPhone.Build.0 = Debug|Any CPU
		{1EC77FD1-F665-4446-BFEF-E6F59A39D922}.DEV|iPhoneSimulator.ActiveCfg = Debug|Any CPU
		{1EC77FD1-F665-4446-BFEF-E6F59A39D922}.DEV|iPhoneSimulator.Build.0 = Debug|Any CPU
		{1EC77FD1-F665-4446-BFEF-E6F59A39D922}.DEV|x64.ActiveCfg = Debug|Any CPU
		{1EC77FD1-F665-4446-BFEF-E6F59A39D922}.DEV|x64.Build.0 = Debug|Any CPU
		{1EC77FD1-F665-4446-BFEF-E6F59A39D922}.DEV|x86.ActiveCfg = Debug|Any CPU
		{1EC77FD1-F665-4446-BFEF-E6F59A39D922}.DEV|x86.Build.0 = Debug|Any CPU
		{1EC77FD1-F665-4446-BFEF-E6F59A39D922}.Release|Any CPU.ActiveCfg = Release|Any CPU
		{1EC77FD1-F665-4446-BFEF-E6F59A39D922}.Release|Any CPU.Build.0 = Release|Any CPU
		{1EC77FD1-F665-4446-BFEF-E6F59A39D922}.Release|ARM.ActiveCfg = Release|Any CPU
		{1EC77FD1-F665-4446-BFEF-E6F59A39D922}.Release|ARM.Build.0 = Release|Any CPU
		{1EC77FD1-F665-4446-BFEF-E6F59A39D922}.Release|iPhone.ActiveCfg = Release|Any CPU
		{1EC77FD1-F665-4446-BFEF-E6F59A39D922}.Release|iPhone.Build.0 = Release|Any CPU
		{1EC77FD1-F665-4446-BFEF-E6F59A39D922}.Release|iPhoneSimulator.ActiveCfg = Release|Any CPU
		{1EC77FD1-F665-4446-BFEF-E6F59A39D922}.Release|iPhoneSimulator.Build.0 = Release|Any CPU
		{1EC77FD1-F665-4446-BFEF-E6F59A39D922}.Release|x64.ActiveCfg = Release|Any CPU
		{1EC77FD1-F665-4446-BFEF-E6F59A39D922}.Release|x64.Build.0 = Release|Any CPU
		{1EC77FD1-F665-4446-BFEF-E6F59A39D922}.Release|x86.ActiveCfg = Release|Any CPU
		{1EC77FD1-F665-4446-BFEF-E6F59A39D922}.Release|x86.Build.0 = Release|Any CPU
		{4B6664F6-DC73-4108-9ABF-15BA98262839}.Debug|Any CPU.ActiveCfg = Debug|Any CPU
		{4B6664F6-DC73-4108-9ABF-15BA98262839}.Debug|Any CPU.Build.0 = Debug|Any CPU
		{4B6664F6-DC73-4108-9ABF-15BA98262839}.Debug|ARM.ActiveCfg = Debug|Any CPU
		{4B6664F6-DC73-4108-9ABF-15BA98262839}.Debug|ARM.Build.0 = Debug|Any CPU
		{4B6664F6-DC73-4108-9ABF-15BA98262839}.Debug|iPhone.ActiveCfg = Debug|Any CPU
		{4B6664F6-DC73-4108-9ABF-15BA98262839}.Debug|iPhone.Build.0 = Debug|Any CPU
		{4B6664F6-DC73-4108-9ABF-15BA98262839}.Debug|iPhoneSimulator.ActiveCfg = Debug|Any CPU
		{4B6664F6-DC73-4108-9ABF-15BA98262839}.Debug|iPhoneSimulator.Build.0 = Debug|Any CPU
		{4B6664F6-DC73-4108-9ABF-15BA98262839}.Debug|x64.ActiveCfg = Debug|Any CPU
		{4B6664F6-DC73-4108-9ABF-15BA98262839}.Debug|x64.Build.0 = Debug|Any CPU
		{4B6664F6-DC73-4108-9ABF-15BA98262839}.Debug|x86.ActiveCfg = Debug|Any CPU
		{4B6664F6-DC73-4108-9ABF-15BA98262839}.Debug|x86.Build.0 = Debug|Any CPU
		{4B6664F6-DC73-4108-9ABF-15BA98262839}.DEV|Any CPU.ActiveCfg = Debug|Any CPU
		{4B6664F6-DC73-4108-9ABF-15BA98262839}.DEV|Any CPU.Build.0 = Debug|Any CPU
		{4B6664F6-DC73-4108-9ABF-15BA98262839}.DEV|ARM.ActiveCfg = Debug|Any CPU
		{4B6664F6-DC73-4108-9ABF-15BA98262839}.DEV|ARM.Build.0 = Debug|Any CPU
		{4B6664F6-DC73-4108-9ABF-15BA98262839}.DEV|iPhone.ActiveCfg = Debug|Any CPU
		{4B6664F6-DC73-4108-9ABF-15BA98262839}.DEV|iPhone.Build.0 = Debug|Any CPU
		{4B6664F6-DC73-4108-9ABF-15BA98262839}.DEV|iPhoneSimulator.ActiveCfg = Debug|Any CPU
		{4B6664F6-DC73-4108-9ABF-15BA98262839}.DEV|iPhoneSimulator.Build.0 = Debug|Any CPU
		{4B6664F6-DC73-4108-9ABF-15BA98262839}.DEV|x64.ActiveCfg = Debug|Any CPU
		{4B6664F6-DC73-4108-9ABF-15BA98262839}.DEV|x64.Build.0 = Debug|Any CPU
		{4B6664F6-DC73-4108-9ABF-15BA98262839}.DEV|x86.ActiveCfg = Debug|Any CPU
		{4B6664F6-DC73-4108-9ABF-15BA98262839}.DEV|x86.Build.0 = Debug|Any CPU
		{4B6664F6-DC73-4108-9ABF-15BA98262839}.Release|Any CPU.ActiveCfg = Release|Any CPU
		{4B6664F6-DC73-4108-9ABF-15BA98262839}.Release|Any CPU.Build.0 = Release|Any CPU
		{4B6664F6-DC73-4108-9ABF-15BA98262839}.Release|ARM.ActiveCfg = Release|Any CPU
		{4B6664F6-DC73-4108-9ABF-15BA98262839}.Release|ARM.Build.0 = Release|Any CPU
		{4B6664F6-DC73-4108-9ABF-15BA98262839}.Release|iPhone.ActiveCfg = Release|Any CPU
		{4B6664F6-DC73-4108-9ABF-15BA98262839}.Release|iPhone.Build.0 = Release|Any CPU
		{4B6664F6-DC73-4108-9ABF-15BA98262839}.Release|iPhoneSimulator.ActiveCfg = Release|Any CPU
		{4B6664F6-DC73-4108-9ABF-15BA98262839}.Release|iPhoneSimulator.Build.0 = Release|Any CPU
		{4B6664F6-DC73-4108-9ABF-15BA98262839}.Release|x64.ActiveCfg = Release|Any CPU
		{4B6664F6-DC73-4108-9ABF-15BA98262839}.Release|x64.Build.0 = Release|Any CPU
		{4B6664F6-DC73-4108-9ABF-15BA98262839}.Release|x86.ActiveCfg = Release|Any CPU
		{4B6664F6-DC73-4108-9ABF-15BA98262839}.Release|x86.Build.0 = Release|Any CPU
		{333D282D-E3F4-4E24-ABD1-ACA8BCCE6FFA}.Debug|Any CPU.ActiveCfg = Debug|Any CPU
		{333D282D-E3F4-4E24-ABD1-ACA8BCCE6FFA}.Debug|Any CPU.Build.0 = Debug|Any CPU
		{333D282D-E3F4-4E24-ABD1-ACA8BCCE6FFA}.Debug|ARM.ActiveCfg = Debug|Any CPU
		{333D282D-E3F4-4E24-ABD1-ACA8BCCE6FFA}.Debug|ARM.Build.0 = Debug|Any CPU
		{333D282D-E3F4-4E24-ABD1-ACA8BCCE6FFA}.Debug|iPhone.ActiveCfg = Debug|Any CPU
		{333D282D-E3F4-4E24-ABD1-ACA8BCCE6FFA}.Debug|iPhone.Build.0 = Debug|Any CPU
		{333D282D-E3F4-4E24-ABD1-ACA8BCCE6FFA}.Debug|iPhoneSimulator.ActiveCfg = Debug|Any CPU
		{333D282D-E3F4-4E24-ABD1-ACA8BCCE6FFA}.Debug|iPhoneSimulator.Build.0 = Debug|Any CPU
		{333D282D-E3F4-4E24-ABD1-ACA8BCCE6FFA}.Debug|x64.ActiveCfg = Debug|Any CPU
		{333D282D-E3F4-4E24-ABD1-ACA8BCCE6FFA}.Debug|x64.Build.0 = Debug|Any CPU
		{333D282D-E3F4-4E24-ABD1-ACA8BCCE6FFA}.Debug|x86.ActiveCfg = Debug|Any CPU
		{333D282D-E3F4-4E24-ABD1-ACA8BCCE6FFA}.Debug|x86.Build.0 = Debug|Any CPU
		{333D282D-E3F4-4E24-ABD1-ACA8BCCE6FFA}.DEV|Any CPU.ActiveCfg = Debug|Any CPU
		{333D282D-E3F4-4E24-ABD1-ACA8BCCE6FFA}.DEV|Any CPU.Build.0 = Debug|Any CPU
		{333D282D-E3F4-4E24-ABD1-ACA8BCCE6FFA}.DEV|ARM.ActiveCfg = Debug|Any CPU
		{333D282D-E3F4-4E24-ABD1-ACA8BCCE6FFA}.DEV|ARM.Build.0 = Debug|Any CPU
		{333D282D-E3F4-4E24-ABD1-ACA8BCCE6FFA}.DEV|iPhone.ActiveCfg = Debug|Any CPU
		{333D282D-E3F4-4E24-ABD1-ACA8BCCE6FFA}.DEV|iPhone.Build.0 = Debug|Any CPU
		{333D282D-E3F4-4E24-ABD1-ACA8BCCE6FFA}.DEV|iPhoneSimulator.ActiveCfg = Debug|Any CPU
		{333D282D-E3F4-4E24-ABD1-ACA8BCCE6FFA}.DEV|iPhoneSimulator.Build.0 = Debug|Any CPU
		{333D282D-E3F4-4E24-ABD1-ACA8BCCE6FFA}.DEV|x64.ActiveCfg = Debug|Any CPU
		{333D282D-E3F4-4E24-ABD1-ACA8BCCE6FFA}.DEV|x64.Build.0 = Debug|Any CPU
		{333D282D-E3F4-4E24-ABD1-ACA8BCCE6FFA}.DEV|x86.ActiveCfg = Debug|Any CPU
		{333D282D-E3F4-4E24-ABD1-ACA8BCCE6FFA}.DEV|x86.Build.0 = Debug|Any CPU
		{333D282D-E3F4-4E24-ABD1-ACA8BCCE6FFA}.Release|Any CPU.ActiveCfg = Release|Any CPU
		{333D282D-E3F4-4E24-ABD1-ACA8BCCE6FFA}.Release|Any CPU.Build.0 = Release|Any CPU
		{333D282D-E3F4-4E24-ABD1-ACA8BCCE6FFA}.Release|ARM.ActiveCfg = Release|Any CPU
		{333D282D-E3F4-4E24-ABD1-ACA8BCCE6FFA}.Release|ARM.Build.0 = Release|Any CPU
		{333D282D-E3F4-4E24-ABD1-ACA8BCCE6FFA}.Release|iPhone.ActiveCfg = Release|Any CPU
		{333D282D-E3F4-4E24-ABD1-ACA8BCCE6FFA}.Release|iPhone.Build.0 = Release|Any CPU
		{333D282D-E3F4-4E24-ABD1-ACA8BCCE6FFA}.Release|iPhoneSimulator.ActiveCfg = Release|Any CPU
		{333D282D-E3F4-4E24-ABD1-ACA8BCCE6FFA}.Release|iPhoneSimulator.Build.0 = Release|Any CPU
		{333D282D-E3F4-4E24-ABD1-ACA8BCCE6FFA}.Release|x64.ActiveCfg = Release|Any CPU
		{333D282D-E3F4-4E24-ABD1-ACA8BCCE6FFA}.Release|x64.Build.0 = Release|Any CPU
		{333D282D-E3F4-4E24-ABD1-ACA8BCCE6FFA}.Release|x86.ActiveCfg = Release|Any CPU
		{333D282D-E3F4-4E24-ABD1-ACA8BCCE6FFA}.Release|x86.Build.0 = Release|Any CPU
	EndGlobalSection
	GlobalSection(SolutionProperties) = preSolution
		HideSolutionNode = FALSE
	EndGlobalSection
	GlobalSection(NestedProjects) = preSolution
		{92A96675-6D60-48D9-A7DA-50BCE89B6794} = {B8BDCD39-6829-41FB-8508-7159B06FE160}
		{04302EC2-3873-4FE5-8CEE-94DC2D2C406E} = {127A4C6B-D1ED-4D45-8C3E-C6C82054D6E4}
		{2E9DE7BA-B02D-4C8F-914C-D7D98D9FEB8E} = {127A4C6B-D1ED-4D45-8C3E-C6C82054D6E4}
		{8F9526F8-661C-4690-AE9F-74D541248D1E} = {127A4C6B-D1ED-4D45-8C3E-C6C82054D6E4}
		{B8BDCD39-6829-41FB-8508-7159B06FE160} = {127A4C6B-D1ED-4D45-8C3E-C6C82054D6E4}
		{31D7DFA7-79E6-40CB-AEEB-DD20E2763B3F} = {127A4C6B-D1ED-4D45-8C3E-C6C82054D6E4}
		{2DE768A8-8531-4884-9A72-A8B5E47F8555} = {31D7DFA7-79E6-40CB-AEEB-DD20E2763B3F}
		{77E17F29-1AC8-4707-93B7-39CDA019204C} = {31D7DFA7-79E6-40CB-AEEB-DD20E2763B3F}
		{D9C592A6-A16E-4AF5-92F6-B56C12999235} = {31D7DFA7-79E6-40CB-AEEB-DD20E2763B3F}
		{4B6664F6-DC73-4108-9ABF-15BA98262839} = {972178CC-A137-4DF5-A8A0-8DA8616B86AD}
		{333D282D-E3F4-4E24-ABD1-ACA8BCCE6FFA} = {064B0BBF-E2C6-4A1D-ADB1-13465CB805AD}
	EndGlobalSection
	GlobalSection(ExtensibilityGlobals) = postSolution
		SolutionGuid = {796C04C1-1654-4F3D-8CF9-BCE0BE414C33}
	EndGlobalSection
EndGlobal
