
Microsoft Visual Studio Solution File, Format Version 12.00
# Visual Studio Version 16
VisualStudioVersion = 16.0.30320.27
MinimumVisualStudioVersion = 10.0.40219.1
Project("{2150E333-8FDC-42A3-9474-1A3956D46DE8}") = "Solution Items", "Solution Items", "{2E632424-176A-40F7-A16E-6FC8300213A4}"
	ProjectSection(SolutionItems) = preProject
		CloudMarket\.editorconfig = CloudMarket\.editorconfig
	EndProjectSection
EndProject
Project("{2150E333-8FDC-42A3-9474-1A3956D46DE8}") = "src", "src", "{127A4C6B-D1ED-4D45-8C3E-C6C82054D6E4}"
EndProject
Project("{2150E333-8FDC-42A3-9474-1A3956D46DE8}") = "tests", "tests", "{D8C410EB-3A7E-4DC5-83B0-1A6BF677C376}"
EndProject
Project("{9A19103F-16F7-4668-BE54-9A1E7A4F7556}") = "PublicApi", "PublicApi\PublicApi.csproj", "{92A96675-6D60-48D9-A7DA-50BCE89B6794}"
EndProject
Project("{9A19103F-16F7-4668-BE54-9A1E7A4F7556}") = "Web", "Web\Web.csproj", "{04302EC2-3873-4FE5-8CEE-94DC2D2C406E}"
EndProject
Project("{9A19103F-16F7-4668-BE54-9A1E7A4F7556}") = "ApplicationCore", "ApplicationCore\ApplicationCore.csproj", "{2E9DE7BA-B02D-4C8F-914C-D7D98D9FEB8E}"
EndProject
Project("{9A19103F-16F7-4668-BE54-9A1E7A4F7556}") = "Infrastructure", "Infrastructure\Infrastructure.csproj", "{8F9526F8-661C-4690-AE9F-74D541248D1E}"
EndProject
Project("{2150E333-8FDC-42A3-9474-1A3956D46DE8}") = "API", "API", "{B8BDCD39-6829-41FB-8508-7159B06FE160}"
EndProject
Project("{E53339B2-1760-4266-BCC7-CA923CBCF16C}") = "docker-compose", "docker-compose.dcproj", "{1EC77FD1-F665-4446-BFEF-E6F59A39D922}"
	ProjectSection(ProjectDependencies) = postProject
		{92A96675-6D60-48D9-A7DA-50BCE89B6794} = {92A96675-6D60-48D9-A7DA-50BCE89B6794}
		{2E9DE7BA-B02D-4C8F-914C-D7D98D9FEB8E} = {2E9DE7BA-B02D-4C8F-914C-D7D98D9FEB8E}
		{8F9526F8-661C-4690-AE9F-74D541248D1E} = {8F9526F8-661C-4690-AE9F-74D541248D1E}
	EndProjectSection
EndProject
Project("{2150E333-8FDC-42A3-9474-1A3956D46DE8}") = "ml", "ml", "{972178CC-A137-4DF5-A8A0-8DA8616B86AD}"
EndProject
Project("{9A19103F-16F7-4668-BE54-9A1E7A4F7556}") = "ProductRecommender", "ProductRecommender\ProductRecommender.csproj", "{4B6664F6-DC73-4108-9ABF-15BA98262839}"
EndProject
Project("{2150E333-8FDC-42A3-9474-1A3956D46DE8}") = "parsers", "parsers", "{064B0BBF-E2C6-4A1D-ADB1-13465CB805AD}"
EndProject
Project("{9A19103F-16F7-4668-BE54-9A1E7A4F7556}") = "kursfinderparser", "KursFinderParser\kursfinderparser.csproj", "{EF226928-DBFE-4002-B285-5E73727E27BF}"
EndProject
Global
	GlobalSection(SolutionConfigurationPlatforms) = preSolution
		Debug|Any CPU = Debug|Any CPU
		Debug|ARM = Debug|ARM
		Debug|iPhone = Debug|iPhone
		Debug|iPhoneSimulator = Debug|iPhoneSimulator
		Debug|x64 = Debug|x64
		Debug|x86 = Debug|x86
		DEV|Any CPU = DEV|Any CPU
		DEV|ARM = DEV|ARM
		DEV|iPhone = DEV|iPhone
		DEV|iPhoneSimulator = DEV|iPhoneSimulator
		DEV|x64 = DEV|x64
		DEV|x86 = DEV|x86
		Release|Any CPU = Release|Any CPU
		Release|ARM = Release|ARM
		Release|iPhone = Release|iPhone
		Release|iPhoneSimulator = Release|iPhoneSimulator
		Release|x64 = Release|x64
		Release|x86 = Release|x86
	EndGlobalSection
	GlobalSection(ProjectConfigurationPlatforms) = postSolution
		{92A96675-6D60-48D9-A7DA-50BCE89B6794}.Debug|Any CPU.ActiveCfg = Debug|Any CPU
		{92A96675-6D60-48D9-A7DA-50BCE89B6794}.Debug|Any CPU.Build.0 = Debug|Any CPU
		{92A96675-6D60-48D9-A7DA-50BCE89B6794}.Debug|ARM.ActiveCfg = Debug|Any CPU
		{92A96675-6D60-48D9-A7DA-50BCE89B6794}.Debug|ARM.Build.0 = Debug|Any CPU
		{92A96675-6D60-48D9-A7DA-50BCE89B6794}.Debug|iPhone.ActiveCfg = Debug|Any CPU
		{92A96675-6D60-48D9-A7DA-50BCE89B6794}.Debug|iPhone.Build.0 = Debug|Any CPU
		{92A96675-6D60-48D9-A7DA-50BCE89B6794}.Debug|iPhoneSimulator.ActiveCfg = Debug|Any CPU
		{92A96675-6D60-48D9-A7DA-50BCE89B6794}.Debug|iPhoneSimulator.Build.0 = Debug|Any CPU
		{92A96675-6D60-48D9-A7DA-50BCE89B6794}.Debug|x64.ActiveCfg = Debug|Any CPU
		{92A96675-6D60-48D9-A7DA-50BCE89B6794}.Debug|x64.Build.0 = Debug|Any CPU
		{92A96675-6D60-48D9-A7DA-50BCE89B6794}.Debug|x86.ActiveCfg = Debug|Any CPU
		{92A96675-6D60-48D9-A7DA-50BCE89B6794}.Debug|x86.Build.0 = Debug|Any CPU
		{92A96675-6D60-48D9-A7DA-50BCE89B6794}.DEV|Any CPU.ActiveCfg = Debug|Any CPU
		{92A96675-6D60-48D9-A7DA-50BCE89B6794}.DEV|Any CPU.Build.0 = Debug|Any CPU
		{92A96675-6D60-48D9-A7DA-50BCE89B6794}.DEV|ARM.ActiveCfg = Debug|Any CPU
		{92A96675-6D60-48D9-A7DA-50BCE89B6794}.DEV|ARM.Build.0 = Debug|Any CPU
		{92A96675-6D60-48D9-A7DA-50BCE89B6794}.DEV|iPhone.ActiveCfg = Debug|Any CPU
		{92A96675-6D60-48D9-A7DA-50BCE89B6794}.DEV|iPhone.Build.0 = Debug|Any CPU
		{92A96675-6D60-48D9-A7DA-50BCE89B6794}.DEV|iPhoneSimulator.ActiveCfg = Debug|Any CPU
		{92A96675-6D60-48D9-A7DA-50BCE89B6794}.DEV|iPhoneSimulator.Build.0 = Debug|Any CPU
		{92A96675-6D60-48D9-A7DA-50BCE89B6794}.DEV|x64.ActiveCfg = Debug|Any CPU
		{92A96675-6D60-48D9-A7DA-50BCE89B6794}.DEV|x64.Build.0 = Debug|Any CPU
		{92A96675-6D60-48D9-A7DA-50BCE89B6794}.DEV|x86.ActiveCfg = Debug|Any CPU
		{92A96675-6D60-48D9-A7DA-50BCE89B6794}.DEV|x86.Build.0 = Debug|Any CPU
		{92A96675-6D60-48D9-A7DA-50BCE89B6794}.Release|Any CPU.ActiveCfg = Release|Any CPU
		{92A96675-6D60-48D9-A7DA-50BCE89B6794}.Release|Any CPU.Build.0 = Release|Any CPU
		{92A96675-6D60-48D9-A7DA-50BCE89B6794}.Release|ARM.ActiveCfg = Release|Any CPU
		{92A96675-6D60-48D9-A7DA-50BCE89B6794}.Release|ARM.Build.0 = Release|Any CPU
		{92A96675-6D60-48D9-A7DA-50BCE89B6794}.Release|iPhone.ActiveCfg = Release|Any CPU
		{92A96675-6D60-48D9-A7DA-50BCE89B6794}.Release|iPhone.Build.0 = Release|Any CPU
		{92A96675-6D60-48D9-A7DA-50BCE89B6794}.Release|iPhoneSimulator.ActiveCfg = Release|Any CPU
		{92A96675-6D60-48D9-A7DA-50BCE89B6794}.Release|iPhoneSimulator.Build.0 = Release|Any CPU
		{92A96675-6D60-48D9-A7DA-50BCE89B6794}.Release|x64.ActiveCfg = Release|Any CPU
		{92A96675-6D60-48D9-A7DA-50BCE89B6794}.Release|x64.Build.0 = Release|Any CPU
		{92A96675-6D60-48D9-A7DA-50BCE89B6794}.Release|x86.ActiveCfg = Release|Any CPU
		{92A96675-6D60-48D9-A7DA-50BCE89B6794}.Release|x86.Build.0 = Release|Any CPU
		{04302EC2-3873-4FE5-8CEE-94DC2D2C406E}.Debug|Any CPU.ActiveCfg = Debug|Any CPU
		{04302EC2-3873-4FE5-8CEE-94DC2D2C406E}.Debug|Any CPU.Build.0 = Debug|Any CPU
		{04302EC2-3873-4FE5-8CEE-94DC2D2C406E}.Debug|ARM.ActiveCfg = Debug|Any CPU
		{04302EC2-3873-4FE5-8CEE-94DC2D2C406E}.Debug|iPhone.ActiveCfg = Debug|Any CPU
		{04302EC2-3873-4FE5-8CEE-94DC2D2C406E}.Debug|iPhoneSimulator.ActiveCfg = Debug|Any CPU
		{04302EC2-3873-4FE5-8CEE-94DC2D2C406E}.Debug|x64.ActiveCfg = Debug|Any CPU
		{04302EC2-3873-4FE5-8CEE-94DC2D2C406E}.Debug|x86.ActiveCfg = Debug|Any CPU
		{04302EC2-3873-4FE5-8CEE-94DC2D2C406E}.DEV|Any CPU.ActiveCfg = Debug|Any CPU
		{04302EC2-3873-4FE5-8CEE-94DC2D2C406E}.DEV|Any CPU.Build.0 = Debug|Any CPU
		{04302EC2-3873-4FE5-8CEE-94DC2D2C406E}.DEV|ARM.ActiveCfg = Debug|Any CPU
		{04302EC2-3873-4FE5-8CEE-94DC2D2C406E}.DEV|iPhone.ActiveCfg = Debug|Any CPU
		{04302EC2-3873-4FE5-8CEE-94DC2D2C406E}.DEV|iPhoneSimulator.ActiveCfg = Debug|Any CPU
		{04302EC2-3873-4FE5-8CEE-94DC2D2C406E}.DEV|x64.ActiveCfg = Debug|Any CPU
		{04302EC2-3873-4FE5-8CEE-94DC2D2C406E}.DEV|x86.ActiveCfg = Debug|Any CPU
		{04302EC2-3873-4FE5-8CEE-94DC2D2C406E}.Release|Any CPU.ActiveCfg = Release|Any CPU
		{04302EC2-3873-4FE5-8CEE-94DC2D2C406E}.Release|Any CPU.Build.0 = Release|Any CPU
		{04302EC2-3873-4FE5-8CEE-94DC2D2C406E}.Release|ARM.ActiveCfg = Release|Any CPU
		{04302EC2-3873-4FE5-8CEE-94DC2D2C406E}.Release|iPhone.ActiveCfg = Release|Any CPU
		{04302EC2-3873-4FE5-8CEE-94DC2D2C406E}.Release|iPhoneSimulator.ActiveCfg = Release|Any CPU
		{04302EC2-3873-4FE5-8CEE-94DC2D2C406E}.Release|x64.ActiveCfg = Release|Any CPU
		{04302EC2-3873-4FE5-8CEE-94DC2D2C406E}.Release|x86.ActiveCfg = Release|Any CPU
		{2E9DE7BA-B02D-4C8F-914C-D7D98D9FEB8E}.Debug|Any CPU.ActiveCfg = Debug|Any CPU
		{2E9DE7BA-B02D-4C8F-914C-D7D98D9FEB8E}.Debug|Any CPU.Build.0 = Debug|Any CPU
		{2E9DE7BA-B02D-4C8F-914C-D7D98D9FEB8E}.Debug|ARM.ActiveCfg = Debug|Any CPU
		{2E9DE7BA-B02D-4C8F-914C-D7D98D9FEB8E}.Debug|ARM.Build.0 = Debug|Any CPU
		{2E9DE7BA-B02D-4C8F-914C-D7D98D9FEB8E}.Debug|iPhone.ActiveCfg = Debug|Any CPU
		{2E9DE7BA-B02D-4C8F-914C-D7D98D9FEB8E}.Debug|iPhone.Build.0 = Debug|Any CPU
		{2E9DE7BA-B02D-4C8F-914C-D7D98D9FEB8E}.Debug|iPhoneSimulator.ActiveCfg = Debug|Any CPU
		{2E9DE7BA-B02D-4C8F-914C-D7D98D9FEB8E}.Debug|iPhoneSimulator.Build.0 = Debug|Any CPU
		{2E9DE7BA-B02D-4C8F-914C-D7D98D9FEB8E}.Debug|x64.ActiveCfg = Debug|Any CPU
		{2E9DE7BA-B02D-4C8F-914C-D7D98D9FEB8E}.Debug|x64.Build.0 = Debug|Any CPU
		{2E9DE7BA-B02D-4C8F-914C-D7D98D9FEB8E}.Debug|x86.ActiveCfg = Debug|Any CPU
		{2E9DE7BA-B02D-4C8F-914C-D7D98D9FEB8E}.Debug|x86.Build.0 = Debug|Any CPU
		{2E9DE7BA-B02D-4C8F-914C-D7D98D9FEB8E}.DEV|Any CPU.ActiveCfg = Debug|Any CPU
		{2E9DE7BA-B02D-4C8F-914C-D7D98D9FEB8E}.DEV|Any CPU.Build.0 = Debug|Any CPU
		{2E9DE7BA-B02D-4C8F-914C-D7D98D9FEB8E}.DEV|ARM.ActiveCfg = Debug|Any CPU
		{2E9DE7BA-B02D-4C8F-914C-D7D98D9FEB8E}.DEV|ARM.Build.0 = Debug|Any CPU
		{2E9DE7BA-B02D-4C8F-914C-D7D98D9FEB8E}.DEV|iPhone.ActiveCfg = Debug|Any CPU
		{2E9DE7BA-B02D-4C8F-914C-D7D98D9FEB8E}.DEV|iPhone.Build.0 = Debug|Any CPU
		{2E9DE7BA-B02D-4C8F-914C-D7D98D9FEB8E}.DEV|iPhoneSimulator.ActiveCfg = Debug|Any CPU
		{2E9DE7BA-B02D-4C8F-914C-D7D98D9FEB8E}.DEV|iPhoneSimulator.Build.0 = Debug|Any CPU
		{2E9DE7BA-B02D-4C8F-914C-D7D98D9FEB8E}.DEV|x64.ActiveCfg = Debug|Any CPU
		{2E9DE7BA-B02D-4C8F-914C-D7D98D9FEB8E}.DEV|x64.Build.0 = Debug|Any CPU
		{2E9DE7BA-B02D-4C8F-914C-D7D98D9FEB8E}.DEV|x86.ActiveCfg = Debug|Any CPU
		{2E9DE7BA-B02D-4C8F-914C-D7D98D9FEB8E}.DEV|x86.Build.0 = Debug|Any CPU
		{2E9DE7BA-B02D-4C8F-914C-D7D98D9FEB8E}.Release|Any CPU.ActiveCfg = Release|Any CPU
		{2E9DE7BA-B02D-4C8F-914C-D7D98D9FEB8E}.Release|Any CPU.Build.0 = Release|Any CPU
		{2E9DE7BA-B02D-4C8F-914C-D7D98D9FEB8E}.Release|ARM.ActiveCfg = Release|Any CPU
		{2E9DE7BA-B02D-4C8F-914C-D7D98D9FEB8E}.Release|ARM.Build.0 = Release|Any CPU
		{2E9DE7BA-B02D-4C8F-914C-D7D98D9FEB8E}.Release|iPhone.ActiveCfg = Release|Any CPU
		{2E9DE7BA-B02D-4C8F-914C-D7D98D9FEB8E}.Release|iPhone.Build.0 = Release|Any CPU
		{2E9DE7BA-B02D-4C8F-914C-D7D98D9FEB8E}.Release|iPhoneSimulator.ActiveCfg = Release|Any CPU
		{2E9DE7BA-B02D-4C8F-914C-D7D98D9FEB8E}.Release|iPhoneSimulator.Build.0 = Release|Any CPU
		{2E9DE7BA-B02D-4C8F-914C-D7D98D9FEB8E}.Release|x64.ActiveCfg = Release|Any CPU
		{2E9DE7BA-B02D-4C8F-914C-D7D98D9FEB8E}.Release|x64.Build.0 = Release|Any CPU
		{2E9DE7BA-B02D-4C8F-914C-D7D98D9FEB8E}.Release|x86.ActiveCfg = Release|Any CPU
		{2E9DE7BA-B02D-4C8F-914C-D7D98D9FEB8E}.Release|x86.Build.0 = Release|Any CPU
		{8F9526F8-661C-4690-AE9F-74D541248D1E}.Debug|Any CPU.ActiveCfg = Debug|Any CPU
		{8F9526F8-661C-4690-AE9F-74D541248D1E}.Debug|Any CPU.Build.0 = Debug|Any CPU
		{8F9526F8-661C-4690-AE9F-74D541248D1E}.Debug|ARM.ActiveCfg = Debug|Any CPU
		{8F9526F8-661C-4690-AE9F-74D541248D1E}.Debug|ARM.Build.0 = Debug|Any CPU
		{8F9526F8-661C-4690-AE9F-74D541248D1E}.Debug|iPhone.ActiveCfg = Debug|Any CPU
		{8F9526F8-661C-4690-AE9F-74D541248D1E}.Debug|iPhone.Build.0 = Debug|Any CPU
		{8F9526F8-661C-4690-AE9F-74D541248D1E}.Debug|iPhoneSimulator.ActiveCfg = Debug|Any CPU
		{8F9526F8-661C-4690-AE9F-74D541248D1E}.Debug|iPhoneSimulator.Build.0 = Debug|Any CPU
		{8F9526F8-661C-4690-AE9F-74D541248D1E}.Debug|x64.ActiveCfg = Debug|Any CPU
		{8F9526F8-661C-4690-AE9F-74D541248D1E}.Debug|x64.Build.0 = Debug|Any CPU
		{8F9526F8-661C-4690-AE9F-74D541248D1E}.Debug|x86.ActiveCfg = Debug|Any CPU
		{8F9526F8-661C-4690-AE9F-74D541248D1E}.Debug|x86.Build.0 = Debug|Any CPU
		{8F9526F8-661C-4690-AE9F-74D541248D1E}.DEV|Any CPU.ActiveCfg = Debug|Any CPU
		{8F9526F8-661C-4690-AE9F-74D541248D1E}.DEV|Any CPU.Build.0 = Debug|Any CPU
		{8F9526F8-661C-4690-AE9F-74D541248D1E}.DEV|ARM.ActiveCfg = Debug|Any CPU
		{8F9526F8-661C-4690-AE9F-74D541248D1E}.DEV|ARM.Build.0 = Debug|Any CPU
		{8F9526F8-661C-4690-AE9F-74D541248D1E}.DEV|iPhone.ActiveCfg = Debug|Any CPU
		{8F9526F8-661C-4690-AE9F-74D541248D1E}.DEV|iPhone.Build.0 = Debug|Any CPU
		{8F9526F8-661C-4690-AE9F-74D541248D1E}.DEV|iPhoneSimulator.ActiveCfg = Debug|Any CPU
		{8F9526F8-661C-4690-AE9F-74D541248D1E}.DEV|iPhoneSimulator.Build.0 = Debug|Any CPU
		{8F9526F8-661C-4690-AE9F-74D541248D1E}.DEV|x64.ActiveCfg = Debug|Any CPU
		{8F9526F8-661C-4690-AE9F-74D541248D1E}.DEV|x64.Build.0 = Debug|Any CPU
		{8F9526F8-661C-4690-AE9F-74D541248D1E}.DEV|x86.ActiveCfg = Debug|Any CPU
		{8F9526F8-661C-4690-AE9F-74D541248D1E}.DEV|x86.Build.0 = Debug|Any CPU
		{8F9526F8-661C-4690-AE9F-74D541248D1E}.Release|Any CPU.ActiveCfg = Release|Any CPU
		{8F9526F8-661C-4690-AE9F-74D541248D1E}.Release|Any CPU.Build.0 = Release|Any CPU
		{8F9526F8-661C-4690-AE9F-74D541248D1E}.Release|ARM.ActiveCfg = Release|Any CPU
		{8F9526F8-661C-4690-AE9F-74D541248D1E}.Release|ARM.Build.0 = Release|Any CPU
		{8F9526F8-661C-4690-AE9F-74D541248D1E}.Release|iPhone.ActiveCfg = Release|Any CPU
		{8F9526F8-661C-4690-AE9F-74D541248D1E}.Release|iPhone.Build.0 = Release|Any CPU
		{8F9526F8-661C-4690-AE9F-74D541248D1E}.Release|iPhoneSimulator.ActiveCfg = Release|Any CPU
		{8F9526F8-661C-4690-AE9F-74D541248D1E}.Release|iPhoneSimulator.Build.0 = Release|Any CPU
		{8F9526F8-661C-4690-AE9F-74D541248D1E}.Release|x64.ActiveCfg = Release|Any CPU
		{8F9526F8-661C-4690-AE9F-74D541248D1E}.Release|x64.Build.0 = Release|Any CPU
		{8F9526F8-661C-4690-AE9F-74D541248D1E}.Release|x86.ActiveCfg = Release|Any CPU
		{8F9526F8-661C-4690-AE9F-74D541248D1E}.Release|x86.Build.0 = Release|Any CPU
		{1EC77FD1-F665-4446-BFEF-E6F59A39D922}.Debug|Any CPU.ActiveCfg = Debug|Any CPU
		{1EC77FD1-F665-4446-BFEF-E6F59A39D922}.Debug|Any CPU.Build.0 = Debug|Any CPU
		{1EC77FD1-F665-4446-BFEF-E6F59A39D922}.Debug|ARM.ActiveCfg = Debug|Any CPU
		{1EC77FD1-F665-4446-BFEF-E6F59A39D922}.Debug|ARM.Build.0 = Debug|Any CPU
		{1EC77FD1-F665-4446-BFEF-E6F59A39D922}.Debug|iPhone.ActiveCfg = Debug|Any CPU
		{1EC77FD1-F665-4446-BFEF-E6F59A39D922}.Debug|iPhone.Build.0 = Debug|Any CPU
		{1EC77FD1-F665-4446-BFEF-E6F59A39D922}.Debug|iPhoneSimulator.ActiveCfg = Debug|Any CPU
		{1EC77FD1-F665-4446-BFEF-E6F59A39D922}.Debug|iPhoneSimulator.Build.0 = Debug|Any CPU
		{1EC77FD1-F665-4446-BFEF-E6F59A39D922}.Debug|x64.ActiveCfg = Debug|Any CPU
		{1EC77FD1-F665-4446-BFEF-E6F59A39D922}.Debug|x64.Build.0 = Debug|Any CPU
		{1EC77FD1-F665-4446-BFEF-E6F59A39D922}.Debug|x86.ActiveCfg = Debug|Any CPU
		{1EC77FD1-F665-4446-BFEF-E6F59A39D922}.Debug|x86.Build.0 = Debug|Any CPU
		{1EC77FD1-F665-4446-BFEF-E6F59A39D922}.DEV|Any CPU.ActiveCfg = Debug|Any CPU
		{1EC77FD1-F665-4446-BFEF-E6F59A39D922}.DEV|Any CPU.Build.0 = Debug|Any CPU
		{1EC77FD1-F665-4446-BFEF-E6F59A39D922}.DEV|ARM.ActiveCfg = Debug|Any CPU
		{1EC77FD1-F665-4446-BFEF-E6F59A39D922}.DEV|ARM.Build.0 = Debug|Any CPU
		{1EC77FD1-F665-4446-BFEF-E6F59A39D922}.DEV|iPhone.ActiveCfg = Debug|Any CPU
		{1EC77FD1-F665-4446-BFEF-E6F59A39D922}.DEV|iPhone.Build.0 = Debug|Any CPU
		{1EC77FD1-F665-4446-BFEF-E6F59A39D922}.DEV|iPhoneSimulator.ActiveCfg = Debug|Any CPU
		{1EC77FD1-F665-4446-BFEF-E6F59A39D922}.DEV|iPhoneSimulator.Build.0 = Debug|Any CPU
		{1EC77FD1-F665-4446-BFEF-E6F59A39D922}.DEV|x64.ActiveCfg = Debug|Any CPU
		{1EC77FD1-F665-4446-BFEF-E6F59A39D922}.DEV|x64.Build.0 = Debug|Any CPU
		{1EC77FD1-F665-4446-BFEF-E6F59A39D922}.DEV|x86.ActiveCfg = Debug|Any CPU
		{1EC77FD1-F665-4446-BFEF-E6F59A39D922}.DEV|x86.Build.0 = Debug|Any CPU
		{1EC77FD1-F665-4446-BFEF-E6F59A39D922}.Release|Any CPU.ActiveCfg = Release|Any CPU
		{1EC77FD1-F665-4446-BFEF-E6F59A39D922}.Release|Any CPU.Build.0 = Release|Any CPU
		{1EC77FD1-F665-4446-BFEF-E6F59A39D922}.Release|ARM.ActiveCfg = Release|Any CPU
		{1EC77FD1-F665-4446-BFEF-E6F59A39D922}.Release|ARM.Build.0 = Release|Any CPU
		{1EC77FD1-F665-4446-BFEF-E6F59A39D922}.Release|iPhone.ActiveCfg = Release|Any CPU
		{1EC77FD1-F665-4446-BFEF-E6F59A39D922}.Release|iPhone.Build.0 = Release|Any CPU
		{1EC77FD1-F665-4446-BFEF-E6F59A39D922}.Release|iPhoneSimulator.ActiveCfg = Release|Any CPU
		{1EC77FD1-F665-4446-BFEF-E6F59A39D922}.Release|iPhoneSimulator.Build.0 = Release|Any CPU
		{1EC77FD1-F665-4446-BFEF-E6F59A39D922}.Release|x64.ActiveCfg = Release|Any CPU
		{1EC77FD1-F665-4446-BFEF-E6F59A39D922}.Release|x64.Build.0 = Release|Any CPU
		{1EC77FD1-F665-4446-BFEF-E6F59A39D922}.Release|x86.ActiveCfg = Release|Any CPU
		{1EC77FD1-F665-4446-BFEF-E6F59A39D922}.Release|x86.Build.0 = Release|Any CPU
		{4B6664F6-DC73-4108-9ABF-15BA98262839}.Debug|Any CPU.ActiveCfg = Debug|Any CPU
		{4B6664F6-DC73-4108-9ABF-15BA98262839}.Debug|Any CPU.Build.0 = Debug|Any CPU
		{4B6664F6-DC73-4108-9ABF-15BA98262839}.Debug|ARM.ActiveCfg = Debug|Any CPU
		{4B6664F6-DC73-4108-9ABF-15BA98262839}.Debug|ARM.Build.0 = Debug|Any CPU
		{4B6664F6-DC73-4108-9ABF-15BA98262839}.Debug|iPhone.ActiveCfg = Debug|Any CPU
		{4B6664F6-DC73-4108-9ABF-15BA98262839}.Debug|iPhone.Build.0 = Debug|Any CPU
		{4B6664F6-DC73-4108-9ABF-15BA98262839}.Debug|iPhoneSimulator.ActiveCfg = Debug|Any CPU
		{4B6664F6-DC73-4108-9ABF-15BA98262839}.Debug|iPhoneSimulator.Build.0 = Debug|Any CPU
		{4B6664F6-DC73-4108-9ABF-15BA98262839}.Debug|x64.ActiveCfg = Debug|Any CPU
		{4B6664F6-DC73-4108-9ABF-15BA98262839}.Debug|x64.Build.0 = Debug|Any CPU
		{4B6664F6-DC73-4108-9ABF-15BA98262839}.Debug|x86.ActiveCfg = Debug|Any CPU
		{4B6664F6-DC73-4108-9ABF-15BA98262839}.Debug|x86.Build.0 = Debug|Any CPU
		{4B6664F6-DC73-4108-9ABF-15BA98262839}.DEV|Any CPU.ActiveCfg = Debug|Any CPU
		{4B6664F6-DC73-4108-9ABF-15BA98262839}.DEV|Any CPU.Build.0 = Debug|Any CPU
		{4B6664F6-DC73-4108-9ABF-15BA98262839}.DEV|ARM.ActiveCfg = Debug|Any CPU
		{4B6664F6-DC73-4108-9ABF-15BA98262839}.DEV|ARM.Build.0 = Debug|Any CPU
		{4B6664F6-DC73-4108-9ABF-15BA98262839}.DEV|iPhone.ActiveCfg = Debug|Any CPU
		{4B6664F6-DC73-4108-9ABF-15BA98262839}.DEV|iPhone.Build.0 = Debug|Any CPU
		{4B6664F6-DC73-4108-9ABF-15BA98262839}.DEV|iPhoneSimulator.ActiveCfg = Debug|Any CPU
		{4B6664F6-DC73-4108-9ABF-15BA98262839}.DEV|iPhoneSimulator.Build.0 = Debug|Any CPU
		{4B6664F6-DC73-4108-9ABF-15BA98262839}.DEV|x64.ActiveCfg = Debug|Any CPU
		{4B6664F6-DC73-4108-9ABF-15BA98262839}.DEV|x64.Build.0 = Debug|Any CPU
		{4B6664F6-DC73-4108-9ABF-15BA98262839}.DEV|x86.ActiveCfg = Debug|Any CPU
		{4B6664F6-DC73-4108-9ABF-15BA98262839}.DEV|x86.Build.0 = Debug|Any CPU
		{4B6664F6-DC73-4108-9ABF-15BA98262839}.Release|Any CPU.ActiveCfg = Release|Any CPU
		{4B6664F6-DC73-4108-9ABF-15BA98262839}.Release|Any CPU.Build.0 = Release|Any CPU
		{4B6664F6-DC73-4108-9ABF-15BA98262839}.Release|ARM.ActiveCfg = Release|Any CPU
		{4B6664F6-DC73-4108-9ABF-15BA98262839}.Release|ARM.Build.0 = Release|Any CPU
		{4B6664F6-DC73-4108-9ABF-15BA98262839}.Release|iPhone.ActiveCfg = Release|Any CPU
		{4B6664F6-DC73-4108-9ABF-15BA98262839}.Release|iPhone.Build.0 = Release|Any CPU
		{4B6664F6-DC73-4108-9ABF-15BA98262839}.Release|iPhoneSimulator.ActiveCfg = Release|Any CPU
		{4B6664F6-DC73-4108-9ABF-15BA98262839}.Release|iPhoneSimulator.Build.0 = Release|Any CPU
		{4B6664F6-DC73-4108-9ABF-15BA98262839}.Release|x64.ActiveCfg = Release|Any CPU
		{4B6664F6-DC73-4108-9ABF-15BA98262839}.Release|x64.Build.0 = Release|Any CPU
		{4B6664F6-DC73-4108-9ABF-15BA98262839}.Release|x86.ActiveCfg = Release|Any CPU
		{4B6664F6-DC73-4108-9ABF-15BA98262839}.Release|x86.Build.0 = Release|Any CPU
		{EF226928-DBFE-4002-B285-5E73727E27BF}.Debug|Any CPU.ActiveCfg = Debug|Any CPU
		{EF226928-DBFE-4002-B285-5E73727E27BF}.Debug|Any CPU.Build.0 = Debug|Any CPU
		{EF226928-DBFE-4002-B285-5E73727E27BF}.Debug|ARM.ActiveCfg = Debug|Any CPU
		{EF226928-DBFE-4002-B285-5E73727E27BF}.Debug|ARM.Build.0 = Debug|Any CPU
		{EF226928-DBFE-4002-B285-5E73727E27BF}.Debug|iPhone.ActiveCfg = Debug|Any CPU
		{EF226928-DBFE-4002-B285-5E73727E27BF}.Debug|iPhone.Build.0 = Debug|Any CPU
		{EF226928-DBFE-4002-B285-5E73727E27BF}.Debug|iPhoneSimulator.ActiveCfg = Debug|Any CPU
		{EF226928-DBFE-4002-B285-5E73727E27BF}.Debug|iPhoneSimulator.Build.0 = Debug|Any CPU
		{EF226928-DBFE-4002-B285-5E73727E27BF}.Debug|x64.ActiveCfg = Debug|Any CPU
		{EF226928-DBFE-4002-B285-5E73727E27BF}.Debug|x64.Build.0 = Debug|Any CPU
		{EF226928-DBFE-4002-B285-5E73727E27BF}.Debug|x86.ActiveCfg = Debug|Any CPU
		{EF226928-DBFE-4002-B285-5E73727E27BF}.Debug|x86.Build.0 = Debug|Any CPU
		{EF226928-DBFE-4002-B285-5E73727E27BF}.DEV|Any CPU.ActiveCfg = Debug|Any CPU
		{EF226928-DBFE-4002-B285-5E73727E27BF}.DEV|Any CPU.Build.0 = Debug|Any CPU
		{EF226928-DBFE-4002-B285-5E73727E27BF}.DEV|ARM.ActiveCfg = Debug|Any CPU
		{EF226928-DBFE-4002-B285-5E73727E27BF}.DEV|ARM.Build.0 = Debug|Any CPU
		{EF226928-DBFE-4002-B285-5E73727E27BF}.DEV|iPhone.ActiveCfg = Debug|Any CPU
		{EF226928-DBFE-4002-B285-5E73727E27BF}.DEV|iPhone.Build.0 = Debug|Any CPU
		{EF226928-DBFE-4002-B285-5E73727E27BF}.DEV|iPhoneSimulator.ActiveCfg = Debug|Any CPU
		{EF226928-DBFE-4002-B285-5E73727E27BF}.DEV|iPhoneSimulator.Build.0 = Debug|Any CPU
		{EF226928-DBFE-4002-B285-5E73727E27BF}.DEV|x64.ActiveCfg = Debug|Any CPU
		{EF226928-DBFE-4002-B285-5E73727E27BF}.DEV|x64.Build.0 = Debug|Any CPU
		{EF226928-DBFE-4002-B285-5E73727E27BF}.DEV|x86.ActiveCfg = Debug|Any CPU
		{EF226928-DBFE-4002-B285-5E73727E27BF}.DEV|x86.Build.0 = Debug|Any CPU
		{EF226928-DBFE-4002-B285-5E73727E27BF}.Release|Any CPU.ActiveCfg = Release|Any CPU
		{EF226928-DBFE-4002-B285-5E73727E27BF}.Release|Any CPU.Build.0 = Release|Any CPU
		{EF226928-DBFE-4002-B285-5E73727E27BF}.Release|ARM.ActiveCfg = Release|Any CPU
		{EF226928-DBFE-4002-B285-5E73727E27BF}.Release|ARM.Build.0 = Release|Any CPU
		{EF226928-DBFE-4002-B285-5E73727E27BF}.Release|iPhone.ActiveCfg = Release|Any CPU
		{EF226928-DBFE-4002-B285-5E73727E27BF}.Release|iPhone.Build.0 = Release|Any CPU
		{EF226928-DBFE-4002-B285-5E73727E27BF}.Release|iPhoneSimulator.ActiveCfg = Release|Any CPU
		{EF226928-DBFE-4002-B285-5E73727E27BF}.Release|iPhoneSimulator.Build.0 = Release|Any CPU
		{EF226928-DBFE-4002-B285-5E73727E27BF}.Release|x64.ActiveCfg = Release|Any CPU
		{EF226928-DBFE-4002-B285-5E73727E27BF}.Release|x64.Build.0 = Release|Any CPU
		{EF226928-DBFE-4002-B285-5E73727E27BF}.Release|x86.ActiveCfg = Release|Any CPU
		{EF226928-DBFE-4002-B285-5E73727E27BF}.Release|x86.Build.0 = Release|Any CPU
	EndGlobalSection
	GlobalSection(SolutionProperties) = preSolution
		HideSolutionNode = FALSE
	EndGlobalSection
	GlobalSection(NestedProjects) = preSolution
		{92A96675-6D60-48D9-A7DA-50BCE89B6794} = {B8BDCD39-6829-41FB-8508-7159B06FE160}
		{04302EC2-3873-4FE5-8CEE-94DC2D2C406E} = {127A4C6B-D1ED-4D45-8C3E-C6C82054D6E4}
		{2E9DE7BA-B02D-4C8F-914C-D7D98D9FEB8E} = {127A4C6B-D1ED-4D45-8C3E-C6C82054D6E4}
		{8F9526F8-661C-4690-AE9F-74D541248D1E} = {127A4C6B-D1ED-4D45-8C3E-C6C82054D6E4}
		{B8BDCD39-6829-41FB-8508-7159B06FE160} = {127A4C6B-D1ED-4D45-8C3E-C6C82054D6E4}
		{4B6664F6-DC73-4108-9ABF-15BA98262839} = {972178CC-A137-4DF5-A8A0-8DA8616B86AD}
		{EF226928-DBFE-4002-B285-5E73727E27BF} = {064B0BBF-E2C6-4A1D-ADB1-13465CB805AD}
	EndGlobalSection
	GlobalSection(ExtensibilityGlobals) = postSolution
		SolutionGuid = {796C04C1-1654-4F3D-8CF9-BCE0BE414C33}
	EndGlobalSection
EndGlobal
