
Microsoft Visual Studio Solution File, Format Version 12.00
# Visual Studio Version 16
VisualStudioVersion = 16.0.30320.27
MinimumVisualStudioVersion = 10.0.40219.1
Project("{FAE04EC0-301F-11D3-BF4B-00C04F79EFBC}") = "ProductRecommender", "ProductRecommender.csproj", "{C3BF4F52-D27E-4E5A-8482-775CE75F1F99}"
EndProject
Global
	GlobalSection(SolutionConfigurationPlatforms) = preSolution
		Debug|Any CPU = Debug|Any CPU
		Release|Any CPU = Release|Any CPU
	EndGlobalSection
	GlobalSection(ProjectConfigurationPlatforms) = postSolution
		{C3BF4F52-D27E-4E5A-8482-775CE75F1F99}.Debug|Any CPU.ActiveCfg = Debug|Any CPU
		{C3BF4F52-D27E-4E5A-8482-775CE75F1F99}.Debug|Any CPU.Build.0 = Debug|Any CPU
		{C3BF4F52-D27E-4E5A-8482-775CE75F1F99}.Release|Any CPU.ActiveCfg = Release|Any CPU
		{C3BF4F52-D27E-4E5A-8482-775CE75F1F99}.Release|Any CPU.Build.0 = Release|Any CPU
	EndGlobalSection
	GlobalSection(SolutionProperties) = preSolution
		HideSolutionNode = FALSE
	EndGlobalSection
	GlobalSection(ExtensibilityGlobals) = postSolution
		SolutionGuid = {6026E0C7-5FFD-455C-8F3B-31E679A05427}
	EndGlobalSection
EndGlobal
