
Microsoft Visual Studio Solution File, Format Version 12.00
# Visual Studio Version 16
VisualStudioVersion = 16.0.30320.27
MinimumVisualStudioVersion = 10.0.40219.1
Project("{9A19103F-16F7-4668-BE54-9A1E7A4F7556}") = "MobileApp.Core", "src\MobileApp.Core\MobileApp.Core.csproj", "{7F2C005D-A0E2-4DF8-BD01-9E631293113C}"
EndProject
Project("{9A19103F-16F7-4668-BE54-9A1E7A4F7556}") = "MobileApp.UI", "src\MobileApp.UI\MobileApp.UI.csproj", "{5B0A0AE9-6D3B-4165-AB6D-73149AEC9B60}"
EndProject
Project("{FAE04EC0-301F-11D3-BF4B-00C04F79EFBC}") = "MobileApp.Droid", "src\MobileApp.Droid\MobileApp.Droid.csproj", "{CD47C5A8-BD76-4D8D-9BB8-90AEE12E2EF1}"
EndProject
Project("{FAE04EC0-301F-11D3-BF4B-00C04F79EFBC}") = "MobileApp.iOS", "src\MobileApp.iOS\MobileApp.iOS.csproj", "{044FAECD-564D-4CF4-B436-78D6AF1F6726}"
EndProject
Project("{9A19103F-16F7-4668-BE54-9A1E7A4F7556}") = "MobileApp.Core.Test", "test\MobileApp.Core.Test\MobileApp.Core.Test.csproj", "{E153120F-3781-46A6-9FC2-275F93C4D7D6}"
EndProject
Project("{FAE04EC0-301F-11D3-BF4B-00C04F79EFBC}") = "MobileApp.Droid.Test", "test\MobileApp.Droid.Test\MobileApp.Droid.Test.csproj", "{6BD9350B-1CDC-474C-86FC-341B30130411}"
EndProject
Project("{D954291E-2A0B-460D-934E-DC6B0785DB48}") = "MobileApp.Droid.Shared", "src\MobileApp.Droid.Shared\MobileApp.Droid.Shared.shproj", "{EC547555-3959-4B12-AB7D-A0B081FDC9BD}"
EndProject
Project("{FAE04EC0-301F-11D3-BF4B-00C04F79EFBC}") = "MobileApp.iOS.Test", "test\MobileApp.iOS.Test\MobileApp.iOS.Test.csproj", "{D2BDF597-9798-4B8B-8E06-634EF2B30F1F}"
EndProject
Project("{FAE04EC0-301F-11D3-BF4B-00C04F79EFBC}") = "MobileApp.UI.Test", "test\MobileApp.UI.Test\MobileApp.UI.Test.csproj", "{57BBA009-2176-43AF-B6A6-1183288AFDF0}"
EndProject
Project("{2150E333-8FDC-42A3-9474-1A3956D46DE8}") = "!Solution Items", "!Solution Items", "{838C7952-54AA-4A3B-8B2F-F3E3514EA459}"
	ProjectSection(SolutionItems) = preProject
		.editorconfig = .editorconfig
	EndProjectSection
EndProject
Project("{2150E333-8FDC-42A3-9474-1A3956D46DE8}") = "tests", "tests", "{1C01B649-3779-4236-A393-BD8990F15208}"
EndProject
Global
	GlobalSection(SharedMSBuildProjectFiles) = preSolution
		src\MobileApp.Droid.Shared\MobileApp.Droid.Shared.projitems*{6bd9350b-1cdc-474c-86fc-341b30130411}*SharedItemsImports = 4
		src\MobileApp.Droid.Shared\MobileApp.Droid.Shared.projitems*{cd47c5a8-bd76-4d8d-9bb8-90aee12e2ef1}*SharedItemsImports = 4
		src\MobileApp.Droid.Shared\MobileApp.Droid.Shared.projitems*{ec547555-3959-4b12-ab7d-a0b081fdc9bd}*SharedItemsImports = 13
	EndGlobalSection
	GlobalSection(SolutionConfigurationPlatforms) = preSolution
		Debug|Any CPU = Debug|Any CPU
		Debug|ARM = Debug|ARM
		Debug|iPhone = Debug|iPhone
		Debug|iPhoneSimulator = Debug|iPhoneSimulator
		Debug|x64 = Debug|x64
		Debug|x86 = Debug|x86
		Release|Any CPU = Release|Any CPU
		Release|ARM = Release|ARM
		Release|iPhone = Release|iPhone
		Release|iPhoneSimulator = Release|iPhoneSimulator
		Release|x64 = Release|x64
		Release|x86 = Release|x86
	EndGlobalSection
	GlobalSection(ProjectConfigurationPlatforms) = postSolution
		{7F2C005D-A0E2-4DF8-BD01-9E631293113C}.Debug|Any CPU.ActiveCfg = Debug|Any CPU
		{7F2C005D-A0E2-4DF8-BD01-9E631293113C}.Debug|Any CPU.Build.0 = Debug|Any CPU
		{7F2C005D-A0E2-4DF8-BD01-9E631293113C}.Debug|ARM.ActiveCfg = Debug|Any CPU
		{7F2C005D-A0E2-4DF8-BD01-9E631293113C}.Debug|ARM.Build.0 = Debug|Any CPU
		{7F2C005D-A0E2-4DF8-BD01-9E631293113C}.Debug|iPhone.ActiveCfg = Debug|Any CPU
		{7F2C005D-A0E2-4DF8-BD01-9E631293113C}.Debug|iPhone.Build.0 = Debug|Any CPU
		{7F2C005D-A0E2-4DF8-BD01-9E631293113C}.Debug|iPhoneSimulator.ActiveCfg = Debug|Any CPU
		{7F2C005D-A0E2-4DF8-BD01-9E631293113C}.Debug|iPhoneSimulator.Build.0 = Debug|Any CPU
		{7F2C005D-A0E2-4DF8-BD01-9E631293113C}.Debug|x64.ActiveCfg = Debug|Any CPU
		{7F2C005D-A0E2-4DF8-BD01-9E631293113C}.Debug|x64.Build.0 = Debug|Any CPU
		{7F2C005D-A0E2-4DF8-BD01-9E631293113C}.Debug|x86.ActiveCfg = Debug|Any CPU
		{7F2C005D-A0E2-4DF8-BD01-9E631293113C}.Debug|x86.Build.0 = Debug|Any CPU
		{7F2C005D-A0E2-4DF8-BD01-9E631293113C}.Release|Any CPU.ActiveCfg = Release|Any CPU
		{7F2C005D-A0E2-4DF8-BD01-9E631293113C}.Release|Any CPU.Build.0 = Release|Any CPU
		{7F2C005D-A0E2-4DF8-BD01-9E631293113C}.Release|ARM.ActiveCfg = Release|Any CPU
		{7F2C005D-A0E2-4DF8-BD01-9E631293113C}.Release|ARM.Build.0 = Release|Any CPU
		{7F2C005D-A0E2-4DF8-BD01-9E631293113C}.Release|iPhone.ActiveCfg = Release|Any CPU
		{7F2C005D-A0E2-4DF8-BD01-9E631293113C}.Release|iPhone.Build.0 = Release|Any CPU
		{7F2C005D-A0E2-4DF8-BD01-9E631293113C}.Release|iPhoneSimulator.ActiveCfg = Release|Any CPU
		{7F2C005D-A0E2-4DF8-BD01-9E631293113C}.Release|iPhoneSimulator.Build.0 = Release|Any CPU
		{7F2C005D-A0E2-4DF8-BD01-9E631293113C}.Release|x64.ActiveCfg = Release|Any CPU
		{7F2C005D-A0E2-4DF8-BD01-9E631293113C}.Release|x64.Build.0 = Release|Any CPU
		{7F2C005D-A0E2-4DF8-BD01-9E631293113C}.Release|x86.ActiveCfg = Release|Any CPU
		{7F2C005D-A0E2-4DF8-BD01-9E631293113C}.Release|x86.Build.0 = Release|Any CPU
		{5B0A0AE9-6D3B-4165-AB6D-73149AEC9B60}.Debug|Any CPU.ActiveCfg = Debug|Any CPU
		{5B0A0AE9-6D3B-4165-AB6D-73149AEC9B60}.Debug|Any CPU.Build.0 = Debug|Any CPU
		{5B0A0AE9-6D3B-4165-AB6D-73149AEC9B60}.Debug|ARM.ActiveCfg = Debug|Any CPU
		{5B0A0AE9-6D3B-4165-AB6D-73149AEC9B60}.Debug|ARM.Build.0 = Debug|Any CPU
		{5B0A0AE9-6D3B-4165-AB6D-73149AEC9B60}.Debug|iPhone.ActiveCfg = Debug|Any CPU
		{5B0A0AE9-6D3B-4165-AB6D-73149AEC9B60}.Debug|iPhone.Build.0 = Debug|Any CPU
		{5B0A0AE9-6D3B-4165-AB6D-73149AEC9B60}.Debug|iPhoneSimulator.ActiveCfg = Debug|Any CPU
		{5B0A0AE9-6D3B-4165-AB6D-73149AEC9B60}.Debug|iPhoneSimulator.Build.0 = Debug|Any CPU
		{5B0A0AE9-6D3B-4165-AB6D-73149AEC9B60}.Debug|x64.ActiveCfg = Debug|Any CPU
		{5B0A0AE9-6D3B-4165-AB6D-73149AEC9B60}.Debug|x64.Build.0 = Debug|Any CPU
		{5B0A0AE9-6D3B-4165-AB6D-73149AEC9B60}.Debug|x86.ActiveCfg = Debug|Any CPU
		{5B0A0AE9-6D3B-4165-AB6D-73149AEC9B60}.Debug|x86.Build.0 = Debug|Any CPU
		{5B0A0AE9-6D3B-4165-AB6D-73149AEC9B60}.Release|Any CPU.ActiveCfg = Release|Any CPU
		{5B0A0AE9-6D3B-4165-AB6D-73149AEC9B60}.Release|Any CPU.Build.0 = Release|Any CPU
		{5B0A0AE9-6D3B-4165-AB6D-73149AEC9B60}.Release|ARM.ActiveCfg = Release|Any CPU
		{5B0A0AE9-6D3B-4165-AB6D-73149AEC9B60}.Release|ARM.Build.0 = Release|Any CPU
		{5B0A0AE9-6D3B-4165-AB6D-73149AEC9B60}.Release|iPhone.ActiveCfg = Release|Any CPU
		{5B0A0AE9-6D3B-4165-AB6D-73149AEC9B60}.Release|iPhone.Build.0 = Release|Any CPU
		{5B0A0AE9-6D3B-4165-AB6D-73149AEC9B60}.Release|iPhoneSimulator.ActiveCfg = Release|Any CPU
		{5B0A0AE9-6D3B-4165-AB6D-73149AEC9B60}.Release|iPhoneSimulator.Build.0 = Release|Any CPU
		{5B0A0AE9-6D3B-4165-AB6D-73149AEC9B60}.Release|x64.ActiveCfg = Release|Any CPU
		{5B0A0AE9-6D3B-4165-AB6D-73149AEC9B60}.Release|x64.Build.0 = Release|Any CPU
		{5B0A0AE9-6D3B-4165-AB6D-73149AEC9B60}.Release|x86.ActiveCfg = Release|Any CPU
		{5B0A0AE9-6D3B-4165-AB6D-73149AEC9B60}.Release|x86.Build.0 = Release|Any CPU
		{CD47C5A8-BD76-4D8D-9BB8-90AEE12E2EF1}.Debug|Any CPU.ActiveCfg = Debug|Any CPU
		{CD47C5A8-BD76-4D8D-9BB8-90AEE12E2EF1}.Debug|Any CPU.Build.0 = Debug|Any CPU
		{CD47C5A8-BD76-4D8D-9BB8-90AEE12E2EF1}.Debug|Any CPU.Deploy.0 = Debug|Any CPU
		{CD47C5A8-BD76-4D8D-9BB8-90AEE12E2EF1}.Debug|ARM.ActiveCfg = Debug|Any CPU
		{CD47C5A8-BD76-4D8D-9BB8-90AEE12E2EF1}.Debug|ARM.Build.0 = Debug|Any CPU
		{CD47C5A8-BD76-4D8D-9BB8-90AEE12E2EF1}.Debug|ARM.Deploy.0 = Debug|Any CPU
		{CD47C5A8-BD76-4D8D-9BB8-90AEE12E2EF1}.Debug|iPhone.ActiveCfg = Debug|Any CPU
		{CD47C5A8-BD76-4D8D-9BB8-90AEE12E2EF1}.Debug|iPhone.Build.0 = Debug|Any CPU
		{CD47C5A8-BD76-4D8D-9BB8-90AEE12E2EF1}.Debug|iPhone.Deploy.0 = Debug|Any CPU
		{CD47C5A8-BD76-4D8D-9BB8-90AEE12E2EF1}.Debug|iPhoneSimulator.ActiveCfg = Debug|Any CPU
		{CD47C5A8-BD76-4D8D-9BB8-90AEE12E2EF1}.Debug|iPhoneSimulator.Build.0 = Debug|Any CPU
		{CD47C5A8-BD76-4D8D-9BB8-90AEE12E2EF1}.Debug|iPhoneSimulator.Deploy.0 = Debug|Any CPU
		{CD47C5A8-BD76-4D8D-9BB8-90AEE12E2EF1}.Debug|x64.ActiveCfg = Debug|Any CPU
		{CD47C5A8-BD76-4D8D-9BB8-90AEE12E2EF1}.Debug|x64.Build.0 = Debug|Any CPU
		{CD47C5A8-BD76-4D8D-9BB8-90AEE12E2EF1}.Debug|x64.Deploy.0 = Debug|Any CPU
		{CD47C5A8-BD76-4D8D-9BB8-90AEE12E2EF1}.Debug|x86.ActiveCfg = Debug|Any CPU
		{CD47C5A8-BD76-4D8D-9BB8-90AEE12E2EF1}.Debug|x86.Build.0 = Debug|Any CPU
		{CD47C5A8-BD76-4D8D-9BB8-90AEE12E2EF1}.Debug|x86.Deploy.0 = Debug|Any CPU
		{CD47C5A8-BD76-4D8D-9BB8-90AEE12E2EF1}.Release|Any CPU.ActiveCfg = Release|Any CPU
		{CD47C5A8-BD76-4D8D-9BB8-90AEE12E2EF1}.Release|Any CPU.Build.0 = Release|Any CPU
		{CD47C5A8-BD76-4D8D-9BB8-90AEE12E2EF1}.Release|Any CPU.Deploy.0 = Release|Any CPU
		{CD47C5A8-BD76-4D8D-9BB8-90AEE12E2EF1}.Release|ARM.ActiveCfg = Release|Any CPU
		{CD47C5A8-BD76-4D8D-9BB8-90AEE12E2EF1}.Release|ARM.Build.0 = Release|Any CPU
		{CD47C5A8-BD76-4D8D-9BB8-90AEE12E2EF1}.Release|ARM.Deploy.0 = Release|Any CPU
		{CD47C5A8-BD76-4D8D-9BB8-90AEE12E2EF1}.Release|iPhone.ActiveCfg = Release|Any CPU
		{CD47C5A8-BD76-4D8D-9BB8-90AEE12E2EF1}.Release|iPhone.Build.0 = Release|Any CPU
		{CD47C5A8-BD76-4D8D-9BB8-90AEE12E2EF1}.Release|iPhone.Deploy.0 = Release|Any CPU
		{CD47C5A8-BD76-4D8D-9BB8-90AEE12E2EF1}.Release|iPhoneSimulator.ActiveCfg = Release|Any CPU
		{CD47C5A8-BD76-4D8D-9BB8-90AEE12E2EF1}.Release|iPhoneSimulator.Build.0 = Release|Any CPU
		{CD47C5A8-BD76-4D8D-9BB8-90AEE12E2EF1}.Release|iPhoneSimulator.Deploy.0 = Release|Any CPU
		{CD47C5A8-BD76-4D8D-9BB8-90AEE12E2EF1}.Release|x64.ActiveCfg = Release|Any CPU
		{CD47C5A8-BD76-4D8D-9BB8-90AEE12E2EF1}.Release|x64.Build.0 = Release|Any CPU
		{CD47C5A8-BD76-4D8D-9BB8-90AEE12E2EF1}.Release|x64.Deploy.0 = Release|Any CPU
		{CD47C5A8-BD76-4D8D-9BB8-90AEE12E2EF1}.Release|x86.ActiveCfg = Release|Any CPU
		{CD47C5A8-BD76-4D8D-9BB8-90AEE12E2EF1}.Release|x86.Build.0 = Release|Any CPU
		{CD47C5A8-BD76-4D8D-9BB8-90AEE12E2EF1}.Release|x86.Deploy.0 = Release|Any CPU
		{044FAECD-564D-4CF4-B436-78D6AF1F6726}.Debug|Any CPU.ActiveCfg = Debug|iPhone
		{044FAECD-564D-4CF4-B436-78D6AF1F6726}.Debug|Any CPU.Build.0 = Debug|iPhone
		{044FAECD-564D-4CF4-B436-78D6AF1F6726}.Debug|ARM.ActiveCfg = Debug|iPhone
		{044FAECD-564D-4CF4-B436-78D6AF1F6726}.Debug|iPhone.ActiveCfg = Debug|iPhone
		{044FAECD-564D-4CF4-B436-78D6AF1F6726}.Debug|iPhone.Build.0 = Debug|iPhone
		{044FAECD-564D-4CF4-B436-78D6AF1F6726}.Debug|iPhone.Deploy.0 = Debug|iPhone
		{044FAECD-564D-4CF4-B436-78D6AF1F6726}.Debug|iPhoneSimulator.ActiveCfg = Debug|iPhoneSimulator
		{044FAECD-564D-4CF4-B436-78D6AF1F6726}.Debug|iPhoneSimulator.Build.0 = Debug|iPhoneSimulator
		{044FAECD-564D-4CF4-B436-78D6AF1F6726}.Debug|iPhoneSimulator.Deploy.0 = Debug|iPhoneSimulator
		{044FAECD-564D-4CF4-B436-78D6AF1F6726}.Debug|x64.ActiveCfg = Debug|iPhone
		{044FAECD-564D-4CF4-B436-78D6AF1F6726}.Debug|x86.ActiveCfg = Debug|iPhone
		{044FAECD-564D-4CF4-B436-78D6AF1F6726}.Release|Any CPU.ActiveCfg = Release|iPhone
		{044FAECD-564D-4CF4-B436-78D6AF1F6726}.Release|ARM.ActiveCfg = Release|iPhone
		{044FAECD-564D-4CF4-B436-78D6AF1F6726}.Release|iPhone.ActiveCfg = Release|iPhone
		{044FAECD-564D-4CF4-B436-78D6AF1F6726}.Release|iPhone.Build.0 = Release|iPhone
		{044FAECD-564D-4CF4-B436-78D6AF1F6726}.Release|iPhone.Deploy.0 = Release|iPhone
		{044FAECD-564D-4CF4-B436-78D6AF1F6726}.Release|iPhoneSimulator.ActiveCfg = Release|iPhoneSimulator
		{044FAECD-564D-4CF4-B436-78D6AF1F6726}.Release|iPhoneSimulator.Build.0 = Release|iPhoneSimulator
		{044FAECD-564D-4CF4-B436-78D6AF1F6726}.Release|iPhoneSimulator.Deploy.0 = Release|iPhoneSimulator
		{044FAECD-564D-4CF4-B436-78D6AF1F6726}.Release|x64.ActiveCfg = Release|iPhone
		{044FAECD-564D-4CF4-B436-78D6AF1F6726}.Release|x86.ActiveCfg = Release|iPhone
		{E153120F-3781-46A6-9FC2-275F93C4D7D6}.Debug|Any CPU.ActiveCfg = Debug|Any CPU
		{E153120F-3781-46A6-9FC2-275F93C4D7D6}.Debug|Any CPU.Build.0 = Debug|Any CPU
		{E153120F-3781-46A6-9FC2-275F93C4D7D6}.Debug|ARM.ActiveCfg = Debug|Any CPU
		{E153120F-3781-46A6-9FC2-275F93C4D7D6}.Debug|ARM.Build.0 = Debug|Any CPU
		{E153120F-3781-46A6-9FC2-275F93C4D7D6}.Debug|iPhone.ActiveCfg = Debug|Any CPU
		{E153120F-3781-46A6-9FC2-275F93C4D7D6}.Debug|iPhone.Build.0 = Debug|Any CPU
		{E153120F-3781-46A6-9FC2-275F93C4D7D6}.Debug|iPhoneSimulator.ActiveCfg = Debug|Any CPU
		{E153120F-3781-46A6-9FC2-275F93C4D7D6}.Debug|iPhoneSimulator.Build.0 = Debug|Any CPU
		{E153120F-3781-46A6-9FC2-275F93C4D7D6}.Debug|x64.ActiveCfg = Debug|Any CPU
		{E153120F-3781-46A6-9FC2-275F93C4D7D6}.Debug|x64.Build.0 = Debug|Any CPU
		{E153120F-3781-46A6-9FC2-275F93C4D7D6}.Debug|x86.ActiveCfg = Debug|Any CPU
		{E153120F-3781-46A6-9FC2-275F93C4D7D6}.Debug|x86.Build.0 = Debug|Any CPU
		{E153120F-3781-46A6-9FC2-275F93C4D7D6}.Release|Any CPU.ActiveCfg = Release|Any CPU
		{E153120F-3781-46A6-9FC2-275F93C4D7D6}.Release|Any CPU.Build.0 = Release|Any CPU
		{E153120F-3781-46A6-9FC2-275F93C4D7D6}.Release|ARM.ActiveCfg = Release|Any CPU
		{E153120F-3781-46A6-9FC2-275F93C4D7D6}.Release|ARM.Build.0 = Release|Any CPU
		{E153120F-3781-46A6-9FC2-275F93C4D7D6}.Release|iPhone.ActiveCfg = Release|Any CPU
		{E153120F-3781-46A6-9FC2-275F93C4D7D6}.Release|iPhone.Build.0 = Release|Any CPU
		{E153120F-3781-46A6-9FC2-275F93C4D7D6}.Release|iPhoneSimulator.ActiveCfg = Release|Any CPU
		{E153120F-3781-46A6-9FC2-275F93C4D7D6}.Release|iPhoneSimulator.Build.0 = Release|Any CPU
		{E153120F-3781-46A6-9FC2-275F93C4D7D6}.Release|x64.ActiveCfg = Release|Any CPU
		{E153120F-3781-46A6-9FC2-275F93C4D7D6}.Release|x64.Build.0 = Release|Any CPU
		{E153120F-3781-46A6-9FC2-275F93C4D7D6}.Release|x86.ActiveCfg = Release|Any CPU
		{E153120F-3781-46A6-9FC2-275F93C4D7D6}.Release|x86.Build.0 = Release|Any CPU
		{6BD9350B-1CDC-474C-86FC-341B30130411}.Debug|Any CPU.ActiveCfg = Debug|Any CPU
		{6BD9350B-1CDC-474C-86FC-341B30130411}.Debug|Any CPU.Build.0 = Debug|Any CPU
		{6BD9350B-1CDC-474C-86FC-341B30130411}.Debug|Any CPU.Deploy.0 = Debug|Any CPU
		{6BD9350B-1CDC-474C-86FC-341B30130411}.Debug|ARM.ActiveCfg = Debug|Any CPU
		{6BD9350B-1CDC-474C-86FC-341B30130411}.Debug|ARM.Build.0 = Debug|Any CPU
		{6BD9350B-1CDC-474C-86FC-341B30130411}.Debug|ARM.Deploy.0 = Debug|Any CPU
		{6BD9350B-1CDC-474C-86FC-341B30130411}.Debug|iPhone.ActiveCfg = Debug|Any CPU
		{6BD9350B-1CDC-474C-86FC-341B30130411}.Debug|iPhone.Build.0 = Debug|Any CPU
		{6BD9350B-1CDC-474C-86FC-341B30130411}.Debug|iPhone.Deploy.0 = Debug|Any CPU
		{6BD9350B-1CDC-474C-86FC-341B30130411}.Debug|iPhoneSimulator.ActiveCfg = Debug|Any CPU
		{6BD9350B-1CDC-474C-86FC-341B30130411}.Debug|iPhoneSimulator.Build.0 = Debug|Any CPU
		{6BD9350B-1CDC-474C-86FC-341B30130411}.Debug|iPhoneSimulator.Deploy.0 = Debug|Any CPU
		{6BD9350B-1CDC-474C-86FC-341B30130411}.Debug|x64.ActiveCfg = Debug|Any CPU
		{6BD9350B-1CDC-474C-86FC-341B30130411}.Debug|x64.Build.0 = Debug|Any CPU
		{6BD9350B-1CDC-474C-86FC-341B30130411}.Debug|x64.Deploy.0 = Debug|Any CPU
		{6BD9350B-1CDC-474C-86FC-341B30130411}.Debug|x86.ActiveCfg = Debug|Any CPU
		{6BD9350B-1CDC-474C-86FC-341B30130411}.Debug|x86.Build.0 = Debug|Any CPU
		{6BD9350B-1CDC-474C-86FC-341B30130411}.Debug|x86.Deploy.0 = Debug|Any CPU
		{6BD9350B-1CDC-474C-86FC-341B30130411}.Release|Any CPU.ActiveCfg = Release|Any CPU
		{6BD9350B-1CDC-474C-86FC-341B30130411}.Release|Any CPU.Build.0 = Release|Any CPU
		{6BD9350B-1CDC-474C-86FC-341B30130411}.Release|Any CPU.Deploy.0 = Release|Any CPU
		{6BD9350B-1CDC-474C-86FC-341B30130411}.Release|ARM.ActiveCfg = Release|Any CPU
		{6BD9350B-1CDC-474C-86FC-341B30130411}.Release|ARM.Build.0 = Release|Any CPU
		{6BD9350B-1CDC-474C-86FC-341B30130411}.Release|ARM.Deploy.0 = Release|Any CPU
		{6BD9350B-1CDC-474C-86FC-341B30130411}.Release|iPhone.ActiveCfg = Release|Any CPU
		{6BD9350B-1CDC-474C-86FC-341B30130411}.Release|iPhone.Build.0 = Release|Any CPU
		{6BD9350B-1CDC-474C-86FC-341B30130411}.Release|iPhone.Deploy.0 = Release|Any CPU
		{6BD9350B-1CDC-474C-86FC-341B30130411}.Release|iPhoneSimulator.ActiveCfg = Release|Any CPU
		{6BD9350B-1CDC-474C-86FC-341B30130411}.Release|iPhoneSimulator.Build.0 = Release|Any CPU
		{6BD9350B-1CDC-474C-86FC-341B30130411}.Release|iPhoneSimulator.Deploy.0 = Release|Any CPU
		{6BD9350B-1CDC-474C-86FC-341B30130411}.Release|x64.ActiveCfg = Release|Any CPU
		{6BD9350B-1CDC-474C-86FC-341B30130411}.Release|x64.Build.0 = Release|Any CPU
		{6BD9350B-1CDC-474C-86FC-341B30130411}.Release|x64.Deploy.0 = Release|Any CPU
		{6BD9350B-1CDC-474C-86FC-341B30130411}.Release|x86.ActiveCfg = Release|Any CPU
		{6BD9350B-1CDC-474C-86FC-341B30130411}.Release|x86.Build.0 = Release|Any CPU
		{6BD9350B-1CDC-474C-86FC-341B30130411}.Release|x86.Deploy.0 = Release|Any CPU
		{D2BDF597-9798-4B8B-8E06-634EF2B30F1F}.Debug|Any CPU.ActiveCfg = Debug|iPhone
		{D2BDF597-9798-4B8B-8E06-634EF2B30F1F}.Debug|Any CPU.Build.0 = Debug|iPhone
		{D2BDF597-9798-4B8B-8E06-634EF2B30F1F}.Debug|ARM.ActiveCfg = Debug|iPhone
		{D2BDF597-9798-4B8B-8E06-634EF2B30F1F}.Debug|iPhone.ActiveCfg = Debug|iPhone
		{D2BDF597-9798-4B8B-8E06-634EF2B30F1F}.Debug|iPhone.Build.0 = Debug|iPhone
		{D2BDF597-9798-4B8B-8E06-634EF2B30F1F}.Debug|iPhoneSimulator.ActiveCfg = Debug|iPhoneSimulator
		{D2BDF597-9798-4B8B-8E06-634EF2B30F1F}.Debug|iPhoneSimulator.Build.0 = Debug|iPhoneSimulator
		{D2BDF597-9798-4B8B-8E06-634EF2B30F1F}.Debug|x64.ActiveCfg = Debug|iPhone
		{D2BDF597-9798-4B8B-8E06-634EF2B30F1F}.Debug|x86.ActiveCfg = Debug|iPhone
		{D2BDF597-9798-4B8B-8E06-634EF2B30F1F}.Release|Any CPU.ActiveCfg = Release|iPhone
		{D2BDF597-9798-4B8B-8E06-634EF2B30F1F}.Release|ARM.ActiveCfg = Release|iPhone
		{D2BDF597-9798-4B8B-8E06-634EF2B30F1F}.Release|iPhone.ActiveCfg = Release|iPhone
		{D2BDF597-9798-4B8B-8E06-634EF2B30F1F}.Release|iPhone.Build.0 = Release|iPhone
		{D2BDF597-9798-4B8B-8E06-634EF2B30F1F}.Release|iPhoneSimulator.ActiveCfg = Release|iPhoneSimulator
		{D2BDF597-9798-4B8B-8E06-634EF2B30F1F}.Release|iPhoneSimulator.Build.0 = Release|iPhoneSimulator
		{D2BDF597-9798-4B8B-8E06-634EF2B30F1F}.Release|x64.ActiveCfg = Release|iPhone
		{D2BDF597-9798-4B8B-8E06-634EF2B30F1F}.Release|x86.ActiveCfg = Release|iPhone
		{57BBA009-2176-43AF-B6A6-1183288AFDF0}.Debug|Any CPU.ActiveCfg = Debug|Any CPU
		{57BBA009-2176-43AF-B6A6-1183288AFDF0}.Debug|Any CPU.Build.0 = Debug|Any CPU
		{57BBA009-2176-43AF-B6A6-1183288AFDF0}.Debug|ARM.ActiveCfg = Debug|Any CPU
		{57BBA009-2176-43AF-B6A6-1183288AFDF0}.Debug|ARM.Build.0 = Debug|Any CPU
		{57BBA009-2176-43AF-B6A6-1183288AFDF0}.Debug|iPhone.ActiveCfg = Debug|Any CPU
		{57BBA009-2176-43AF-B6A6-1183288AFDF0}.Debug|iPhone.Build.0 = Debug|Any CPU
		{57BBA009-2176-43AF-B6A6-1183288AFDF0}.Debug|iPhoneSimulator.ActiveCfg = Debug|Any CPU
		{57BBA009-2176-43AF-B6A6-1183288AFDF0}.Debug|iPhoneSimulator.Build.0 = Debug|Any CPU
		{57BBA009-2176-43AF-B6A6-1183288AFDF0}.Debug|x64.ActiveCfg = Debug|Any CPU
		{57BBA009-2176-43AF-B6A6-1183288AFDF0}.Debug|x64.Build.0 = Debug|Any CPU
		{57BBA009-2176-43AF-B6A6-1183288AFDF0}.Debug|x86.ActiveCfg = Debug|Any CPU
		{57BBA009-2176-43AF-B6A6-1183288AFDF0}.Debug|x86.Build.0 = Debug|Any CPU
		{57BBA009-2176-43AF-B6A6-1183288AFDF0}.Release|Any CPU.ActiveCfg = Release|Any CPU
		{57BBA009-2176-43AF-B6A6-1183288AFDF0}.Release|Any CPU.Build.0 = Release|Any CPU
		{57BBA009-2176-43AF-B6A6-1183288AFDF0}.Release|ARM.ActiveCfg = Release|Any CPU
		{57BBA009-2176-43AF-B6A6-1183288AFDF0}.Release|ARM.Build.0 = Release|Any CPU
		{57BBA009-2176-43AF-B6A6-1183288AFDF0}.Release|iPhone.ActiveCfg = Release|Any CPU
		{57BBA009-2176-43AF-B6A6-1183288AFDF0}.Release|iPhone.Build.0 = Release|Any CPU
		{57BBA009-2176-43AF-B6A6-1183288AFDF0}.Release|iPhoneSimulator.ActiveCfg = Release|Any CPU
		{57BBA009-2176-43AF-B6A6-1183288AFDF0}.Release|iPhoneSimulator.Build.0 = Release|Any CPU
		{57BBA009-2176-43AF-B6A6-1183288AFDF0}.Release|x64.ActiveCfg = Release|Any CPU
		{57BBA009-2176-43AF-B6A6-1183288AFDF0}.Release|x64.Build.0 = Release|Any CPU
		{57BBA009-2176-43AF-B6A6-1183288AFDF0}.Release|x86.ActiveCfg = Release|Any CPU
		{57BBA009-2176-43AF-B6A6-1183288AFDF0}.Release|x86.Build.0 = Release|Any CPU
	EndGlobalSection
	GlobalSection(SolutionProperties) = preSolution
		HideSolutionNode = FALSE
	EndGlobalSection
	GlobalSection(NestedProjects) = preSolution
		{E153120F-3781-46A6-9FC2-275F93C4D7D6} = {1C01B649-3779-4236-A393-BD8990F15208}
		{6BD9350B-1CDC-474C-86FC-341B30130411} = {1C01B649-3779-4236-A393-BD8990F15208}
		{D2BDF597-9798-4B8B-8E06-634EF2B30F1F} = {1C01B649-3779-4236-A393-BD8990F15208}
		{57BBA009-2176-43AF-B6A6-1183288AFDF0} = {1C01B649-3779-4236-A393-BD8990F15208}
	EndGlobalSection
	GlobalSection(ExtensibilityGlobals) = postSolution
		SolutionGuid = {796C04C1-1654-4F3D-8CF9-BCE0BE414C33}
	EndGlobalSection
EndGlobal
